{
  "version": 4,
  "terraform_version": "1.3.3",
  "serial": 52,
  "lineage": "bd65c6d5-a943-dd69-1f15-66ec63cf182e",
  "outputs": {},
  "resources": [
    {
      "module": "module.create-master-jenkins-vm",
      "mode": "managed",
      "type": "azurerm_linux_virtual_machine",
      "name": "vm",
      "provider": "provider[\"registry.terraform.io/hashicorp/azurerm\"]",
      "instances": [
        {
          "schema_version": 0,
          "attributes": {
            "additional_capabilities": [],
            "admin_password": null,
            "admin_ssh_key": [
              {
                "public_key": "ssh-rsa AAAAB3NzaC1yc2EAAAADAQABAAABgQDEbQZ9WtIimngSU1404Rac20PqFzWpy1dbwZ68Cig6S1qBtbL+MhRigSA5/6OzZuVMund+IQPTT7Jp8bgdJM6RrCmUvyVXrj1mrceCqfV+aPNsKYBgDs5a1aaEu31Rsh4oyzSZMRlw7tCtsSwmGaalxLys2slZFasAyZeHiYDTg9tg/CJk8XkToYa71n22NOy4q9I+5Rnq+ff19aGayEC0XLHx6wURBzphY1lbN1Z6gTSL5yr1YEJJCTxSDkOU2/iwUyJde0dK3PXzt4bwu7WMn9DqcfxK2pOQ5/9aXDd6PsVTbuJeFL+Q5y3KdoPq6bmizaRWGHV/g3jHa0/E6VcZI6kCls5Mrpe5vKG49RI8B9dtuASwlZtnQMSvGt8iBZastQz73+WYzsvU1y39gARNFnTdzEUwK04vboamJ1EAEhpwpaCuKgmE8v5IzHK1qDrPOCLS0HTFd46P7r/Ga/vqbz/r8B5CuJISQjdxTYaSlSEkuiVCnZdJIAsOFUr1qBk= imported-openssh-key",
                "username": "adminuser"
              }
            ],
            "admin_username": "adminuser",
            "allow_extension_operations": true,
            "availability_set_id": "",
            "boot_diagnostics": [],
            "capacity_reservation_group_id": "",
            "computer_name": "AA9F9-VM-JENKINS-MASTER",
            "custom_data": null,
            "dedicated_host_group_id": "",
            "dedicated_host_id": "",
            "disable_password_authentication": true,
            "edge_zone": "",
            "encryption_at_host_enabled": false,
            "eviction_policy": "",
            "extensions_time_budget": "PT1H30M",
            "gallery_application": [],
            "id": "/subscriptions/891195e4-c78e-4b5d-86b4-88b6d1875195/resourceGroups/RES-GRP-CT360-TUTORING-ADV-AA9F9/providers/Microsoft.Compute/virtualMachines/AA9F9-VM-JENKINS-MASTER",
            "identity": [],
            "license_type": "",
            "location": "westeurope",
            "max_bid_price": -1,
            "name": "AA9F9-VM-JENKINS-MASTER",
            "network_interface_ids": [
              "/subscriptions/891195e4-c78e-4b5d-86b4-88b6d1875195/resourceGroups/RES-GRP-CT360-TUTORING-ADV-AA9F9/providers/Microsoft.Network/networkInterfaces/AA9F9-JENKINS-MASTER-NIC"
            ],
            "os_disk": [
              {
                "caching": "ReadWrite",
                "diff_disk_settings": [],
                "disk_encryption_set_id": "",
                "disk_size_gb": 30,
                "name": "AA9F9-VM-JENKINS-MASTER_disk1_81efedf08d8a424895deb91a5b2d7c5f",
                "secure_vm_disk_encryption_set_id": "",
                "security_encryption_type": "",
                "storage_account_type": "Premium_LRS",
                "write_accelerator_enabled": false
              }
            ],
            "patch_assessment_mode": "ImageDefault",
            "patch_mode": "ImageDefault",
            "plan": [],
            "platform_fault_domain": -1,
            "priority": "Regular",
            "private_ip_address": "10.0.2.4",
            "private_ip_addresses": [
              "10.0.2.4"
            ],
            "provision_vm_agent": true,
            "proximity_placement_group_id": "",
            "public_ip_address": "40.68.90.5",
            "public_ip_addresses": [
              "40.68.90.5"
            ],
            "resource_group_name": "RES-GRP-CT360-TUTORING-ADV-AA9F9",
            "secret": [],
            "secure_boot_enabled": false,
            "size": "Standard_B2s",
            "source_image_id": "",
            "source_image_reference": [
              {
                "offer": "0001-com-ubuntu-server-focal",
                "publisher": "canonical",
                "sku": "20_04-lts-gen2",
                "version": "latest"
              }
            ],
            "tags": {
              "GROUP": "Pipeline",
              "OWNER": "Nejla",
              "ROLE": "Master"
            },
            "termination_notification": [],
            "timeouts": null,
            "user_data": "",
            "virtual_machine_id": "65e5a0b5-98be-451c-b868-1b5ee13f0382",
            "virtual_machine_scale_set_id": "",
            "vtpm_enabled": false,
            "zone": ""
          },
          "sensitive_attributes": [],
          "private": "eyJlMmJmYjczMC1lY2FhLTExZTYtOGY4OC0zNDM2M2JjN2M0YzAiOnsiY3JlYXRlIjoyNzAwMDAwMDAwMDAwLCJkZWxldGUiOjI3MDAwMDAwMDAwMDAsInJlYWQiOjMwMDAwMDAwMDAwMCwidXBkYXRlIjoyNzAwMDAwMDAwMDAwfX0=",
          "dependencies": [
            "module.create-master-jenkins-vm.azurerm_network_interface.network-interface",
            "module.create-master-jenkins-vm.azurerm_public_ip.public-ip",
            "module.create-network.azurerm_subnet.internal",
            "module.create-network.azurerm_virtual_network.vnet",
            "module.import-rg.data.azurerm_resource_group.rg"
          ]
        }
      ]
    },
    {
      "module": "module.create-master-jenkins-vm",
      "mode": "managed",
      "type": "azurerm_network_interface",
      "name": "network-interface",
      "provider": "provider[\"registry.terraform.io/hashicorp/azurerm\"]",
      "instances": [
        {
          "schema_version": 0,
          "attributes": {
            "applied_dns_servers": [],
            "dns_servers": [],
            "edge_zone": "",
            "enable_accelerated_networking": false,
            "enable_ip_forwarding": false,
            "id": "/subscriptions/891195e4-c78e-4b5d-86b4-88b6d1875195/resourceGroups/RES-GRP-CT360-TUTORING-ADV-AA9F9/providers/Microsoft.Network/networkInterfaces/AA9F9-JENKINS-MASTER-NIC",
            "internal_dns_name_label": "",
            "internal_domain_name_suffix": "mc43x51pkhnuvbq5qmjtslb1ag.ax.internal.cloudapp.net",
            "ip_configuration": [
              {
                "gateway_load_balancer_frontend_ip_configuration_id": "",
                "name": "JENKINS-MASTER-NIC-CONFIG",
                "primary": true,
                "private_ip_address": "10.0.2.4",
                "private_ip_address_allocation": "Dynamic",
                "private_ip_address_version": "IPv4",
                "public_ip_address_id": "/subscriptions/891195e4-c78e-4b5d-86b4-88b6d1875195/resourceGroups/RES-GRP-CT360-TUTORING-ADV-AA9F9/providers/Microsoft.Network/publicIPAddresses/AA9F9-JENKINS-MASTER-PUBLIC-IP",
                "subnet_id": "/subscriptions/891195e4-c78e-4b5d-86b4-88b6d1875195/resourceGroups/RES-GRP-CT360-TUTORING-ADV-AA9F9/providers/Microsoft.Network/virtualNetworks/AA9F9-VNET/subnets/AA9F9-SUBNET"
              }
            ],
            "location": "westeurope",
            "mac_address": "60-45-BD-9E-AC-A1",
            "name": "AA9F9-JENKINS-MASTER-NIC",
            "private_ip_address": "10.0.2.4",
            "private_ip_addresses": [
              "10.0.2.4"
            ],
            "resource_group_name": "RES-GRP-CT360-TUTORING-ADV-AA9F9",
            "tags": {
              "GROUP": "Pipeline",
              "OWNER": "Nejla",
              "ROLE": "Master"
            },
            "timeouts": null,
            "virtual_machine_id": "/subscriptions/891195e4-c78e-4b5d-86b4-88b6d1875195/resourceGroups/RES-GRP-CT360-TUTORING-ADV-AA9F9/providers/Microsoft.Compute/virtualMachines/AA9F9-VM-JENKINS-MASTER"
          },
          "sensitive_attributes": [],
          "private": "eyJlMmJmYjczMC1lY2FhLTExZTYtOGY4OC0zNDM2M2JjN2M0YzAiOnsiY3JlYXRlIjoxODAwMDAwMDAwMDAwLCJkZWxldGUiOjE4MDAwMDAwMDAwMDAsInJlYWQiOjMwMDAwMDAwMDAwMCwidXBkYXRlIjoxODAwMDAwMDAwMDAwfX0=",
          "dependencies": [
            "module.create-master-jenkins-vm.azurerm_public_ip.public-ip",
            "module.create-network.azurerm_subnet.internal",
            "module.create-network.azurerm_virtual_network.vnet",
            "module.import-rg.data.azurerm_resource_group.rg"
          ]
        }
      ]
    },
    {
      "module": "module.create-master-jenkins-vm",
      "mode": "managed",
      "type": "azurerm_network_interface_security_group_association",
      "name": "NSG-A",
      "provider": "provider[\"registry.terraform.io/hashicorp/azurerm\"]",
      "instances": [
        {
          "schema_version": 0,
          "attributes": {
            "id": "/subscriptions/891195e4-c78e-4b5d-86b4-88b6d1875195/resourceGroups/RES-GRP-CT360-TUTORING-ADV-AA9F9/providers/Microsoft.Network/networkInterfaces/AA9F9-JENKINS-MASTER-NIC|/subscriptions/891195e4-c78e-4b5d-86b4-88b6d1875195/resourceGroups/RES-GRP-CT360-TUTORING-ADV-AA9F9/providers/Microsoft.Network/networkSecurityGroups/AA9F9-NSG",
            "network_interface_id": "/subscriptions/891195e4-c78e-4b5d-86b4-88b6d1875195/resourceGroups/RES-GRP-CT360-TUTORING-ADV-AA9F9/providers/Microsoft.Network/networkInterfaces/AA9F9-JENKINS-MASTER-NIC",
            "network_security_group_id": "/subscriptions/891195e4-c78e-4b5d-86b4-88b6d1875195/resourceGroups/RES-GRP-CT360-TUTORING-ADV-AA9F9/providers/Microsoft.Network/networkSecurityGroups/AA9F9-NSG",
            "timeouts": null
          },
          "sensitive_attributes": [],
          "private": "eyJlMmJmYjczMC1lY2FhLTExZTYtOGY4OC0zNDM2M2JjN2M0YzAiOnsiY3JlYXRlIjoxODAwMDAwMDAwMDAwLCJkZWxldGUiOjE4MDAwMDAwMDAwMDAsInJlYWQiOjMwMDAwMDAwMDAwMCwidXBkYXRlIjoxODAwMDAwMDAwMDAwfX0=",
          "dependencies": [
            "module.create-master-jenkins-vm.azurerm_network_interface.network-interface",
            "module.create-master-jenkins-vm.azurerm_public_ip.public-ip",
            "module.create-network.azurerm_network_security_group.nsg-rule",
            "module.create-network.azurerm_subnet.internal",
            "module.create-network.azurerm_virtual_network.vnet",
            "module.import-rg.data.azurerm_resource_group.rg"
          ]
        }
      ]
    },
    {
      "module": "module.create-master-jenkins-vm",
      "mode": "managed",
      "type": "azurerm_public_ip",
      "name": "public-ip",
      "provider": "provider[\"registry.terraform.io/hashicorp/azurerm\"]",
      "instances": [
        {
          "schema_version": 0,
          "attributes": {
            "allocation_method": "Static",
            "ddos_protection_mode": "VirtualNetworkInherited",
            "ddos_protection_plan_id": null,
            "domain_name_label": "jenkinsmasteraa9f9",
            "edge_zone": "",
            "fqdn": "jenkinsmasteraa9f9.westeurope.cloudapp.azure.com",
            "id": "/subscriptions/891195e4-c78e-4b5d-86b4-88b6d1875195/resourceGroups/RES-GRP-CT360-TUTORING-ADV-AA9F9/providers/Microsoft.Network/publicIPAddresses/AA9F9-JENKINS-MASTER-PUBLIC-IP",
            "idle_timeout_in_minutes": 4,
            "ip_address": "40.68.90.5",
            "ip_tags": {},
            "ip_version": "IPv4",
            "location": "westeurope",
            "name": "AA9F9-JENKINS-MASTER-PUBLIC-IP",
            "public_ip_prefix_id": null,
            "resource_group_name": "RES-GRP-CT360-TUTORING-ADV-AA9F9",
            "reverse_fqdn": "",
            "sku": "Basic",
            "sku_tier": "Regional",
            "tags": {
              "GROUP": "Pipeline",
              "OWNER": "Nejla",
              "ROLE": "Master"
            },
            "timeouts": null,
            "zones": []
          },
          "sensitive_attributes": [],
          "private": "eyJlMmJmYjczMC1lY2FhLTExZTYtOGY4OC0zNDM2M2JjN2M0YzAiOnsiY3JlYXRlIjoxODAwMDAwMDAwMDAwLCJkZWxldGUiOjE4MDAwMDAwMDAwMDAsInJlYWQiOjMwMDAwMDAwMDAwMCwidXBkYXRlIjoxODAwMDAwMDAwMDAwfX0=",
          "dependencies": [
            "module.import-rg.data.azurerm_resource_group.rg"
          ]
        }
      ]
    },
    {
      "module": "module.create-network",
      "mode": "managed",
      "type": "azurerm_network_security_group",
      "name": "nsg-rule",
      "provider": "provider[\"registry.terraform.io/hashicorp/azurerm\"]",
      "instances": [
        {
          "schema_version": 0,
          "attributes": {
            "id": "/subscriptions/891195e4-c78e-4b5d-86b4-88b6d1875195/resourceGroups/RES-GRP-CT360-TUTORING-ADV-AA9F9/providers/Microsoft.Network/networkSecurityGroups/AA9F9-NSG",
            "location": "westeurope",
            "name": "AA9F9-NSG",
            "resource_group_name": "RES-GRP-CT360-TUTORING-ADV-AA9F9",
            "security_rule": [
              {
                "access": "Allow",
                "description": "Allow HTTP connection",
                "destination_address_prefix": "*",
                "destination_address_prefixes": [],
                "destination_application_security_group_ids": [],
                "destination_port_range": "80",
                "destination_port_ranges": [],
                "direction": "Inbound",
                "name": "Allow_HTTP_Inbound",
                "priority": 1011,
                "protocol": "Tcp",
                "source_address_prefix": "*",
                "source_address_prefixes": [],
                "source_application_security_group_ids": [],
                "source_port_range": "*",
                "source_port_ranges": []
              },
              {
                "access": "Allow",
                "description": "Open HTTPS connection",
                "destination_address_prefix": "*",
                "destination_address_prefixes": [],
                "destination_application_security_group_ids": [],
                "destination_port_range": "443",
                "destination_port_ranges": [],
                "direction": "Inbound",
                "name": "Allow_HTTPS_Inbound",
                "priority": 1021,
                "protocol": "Tcp",
                "source_address_prefix": "*",
                "source_address_prefixes": [],
                "source_application_security_group_ids": [],
                "source_port_range": "*",
                "source_port_ranges": []
              },
              {
                "access": "Allow",
                "description": "Open connection for SSH",
                "destination_address_prefix": "*",
                "destination_address_prefixes": [],
                "destination_application_security_group_ids": [],
                "destination_port_range": "22",
                "destination_port_ranges": [],
                "direction": "Inbound",
                "name": "Allow_SSH_Inbound",
                "priority": 1001,
                "protocol": "Tcp",
                "source_address_prefix": "*",
                "source_address_prefixes": [],
                "source_application_security_group_ids": [],
                "source_port_range": "*",
                "source_port_ranges": []
              }
            ],
            "tags": {
              "GROUP": "Network",
              "OWNER": "Nejla"
            },
            "timeouts": null
          },
          "sensitive_attributes": [],
          "private": "eyJlMmJmYjczMC1lY2FhLTExZTYtOGY4OC0zNDM2M2JjN2M0YzAiOnsiY3JlYXRlIjoxODAwMDAwMDAwMDAwLCJkZWxldGUiOjE4MDAwMDAwMDAwMDAsInJlYWQiOjMwMDAwMDAwMDAwMCwidXBkYXRlIjoxODAwMDAwMDAwMDAwfX0=",
          "dependencies": [
            "module.import-rg.data.azurerm_resource_group.rg"
          ]
        }
      ]
    },
    {
      "module": "module.create-network",
      "mode": "managed",
      "type": "azurerm_subnet",
      "name": "internal",
      "provider": "provider[\"registry.terraform.io/hashicorp/azurerm\"]",
      "instances": [
        {
          "schema_version": 0,
          "attributes": {
            "address_prefixes": [
              "10.0.2.0/24"
            ],
            "delegation": [],
            "enforce_private_link_endpoint_network_policies": false,
            "enforce_private_link_service_network_policies": false,
            "id": "/subscriptions/891195e4-c78e-4b5d-86b4-88b6d1875195/resourceGroups/RES-GRP-CT360-TUTORING-ADV-AA9F9/providers/Microsoft.Network/virtualNetworks/AA9F9-VNET/subnets/AA9F9-SUBNET",
            "name": "AA9F9-SUBNET",
            "private_endpoint_network_policies_enabled": true,
            "private_link_service_network_policies_enabled": true,
            "resource_group_name": "RES-GRP-CT360-TUTORING-ADV-AA9F9",
            "service_endpoint_policy_ids": [],
            "service_endpoints": [],
            "timeouts": null,
            "virtual_network_name": "AA9F9-VNET"
          },
          "sensitive_attributes": [],
          "private": "eyJlMmJmYjczMC1lY2FhLTExZTYtOGY4OC0zNDM2M2JjN2M0YzAiOnsiY3JlYXRlIjoxODAwMDAwMDAwMDAwLCJkZWxldGUiOjE4MDAwMDAwMDAwMDAsInJlYWQiOjMwMDAwMDAwMDAwMCwidXBkYXRlIjoxODAwMDAwMDAwMDAwfX0=",
          "dependencies": [
            "module.create-network.azurerm_virtual_network.vnet",
            "module.import-rg.data.azurerm_resource_group.rg"
          ]
        }
      ]
    },
    {
      "module": "module.create-network",
      "mode": "managed",
      "type": "azurerm_virtual_network",
      "name": "vnet",
      "provider": "provider[\"registry.terraform.io/hashicorp/azurerm\"]",
      "instances": [
        {
          "schema_version": 0,
          "attributes": {
            "address_space": [
              "10.0.0.0/16"
            ],
            "bgp_community": "",
            "ddos_protection_plan": [],
            "dns_servers": [],
            "edge_zone": "",
            "flow_timeout_in_minutes": 0,
            "guid": "ffdbbd60-516f-4adb-861f-8313392c3b06",
            "id": "/subscriptions/891195e4-c78e-4b5d-86b4-88b6d1875195/resourceGroups/RES-GRP-CT360-TUTORING-ADV-AA9F9/providers/Microsoft.Network/virtualNetworks/AA9F9-VNET",
            "location": "westeurope",
            "name": "AA9F9-VNET",
            "resource_group_name": "RES-GRP-CT360-TUTORING-ADV-AA9F9",
            "subnet": [
              {
                "address_prefix": "10.0.2.0/24",
                "id": "/subscriptions/891195e4-c78e-4b5d-86b4-88b6d1875195/resourceGroups/RES-GRP-CT360-TUTORING-ADV-AA9F9/providers/Microsoft.Network/virtualNetworks/AA9F9-VNET/subnets/AA9F9-SUBNET",
                "name": "AA9F9-SUBNET",
                "security_group": ""
              }
            ],
            "tags": {
              "GROUP": "Network",
              "OWNER": "Nejla"
            },
            "timeouts": null
          },
          "sensitive_attributes": [],
          "private": "eyJlMmJmYjczMC1lY2FhLTExZTYtOGY4OC0zNDM2M2JjN2M0YzAiOnsiY3JlYXRlIjoxODAwMDAwMDAwMDAwLCJkZWxldGUiOjE4MDAwMDAwMDAwMDAsInJlYWQiOjMwMDAwMDAwMDAwMCwidXBkYXRlIjoxODAwMDAwMDAwMDAwfX0=",
          "dependencies": [
            "module.import-rg.data.azurerm_resource_group.rg"
          ]
        }
      ]
    },
    {
      "module": "module.create-worker-jenkins-vm",
      "mode": "managed",
      "type": "azurerm_linux_virtual_machine",
      "name": "vm",
      "provider": "provider[\"registry.terraform.io/hashicorp/azurerm\"]",
      "instances": [
        {
          "schema_version": 0,
          "attributes": {
            "additional_capabilities": [],
            "admin_password": null,
            "admin_ssh_key": [
              {
                "public_key": "ssh-rsa AAAAB3NzaC1yc2EAAAADAQABAAABgQDEbQZ9WtIimngSU1404Rac20PqFzWpy1dbwZ68Cig6S1qBtbL+MhRigSA5/6OzZuVMund+IQPTT7Jp8bgdJM6RrCmUvyVXrj1mrceCqfV+aPNsKYBgDs5a1aaEu31Rsh4oyzSZMRlw7tCtsSwmGaalxLys2slZFasAyZeHiYDTg9tg/CJk8XkToYa71n22NOy4q9I+5Rnq+ff19aGayEC0XLHx6wURBzphY1lbN1Z6gTSL5yr1YEJJCTxSDkOU2/iwUyJde0dK3PXzt4bwu7WMn9DqcfxK2pOQ5/9aXDd6PsVTbuJeFL+Q5y3KdoPq6bmizaRWGHV/g3jHa0/E6VcZI6kCls5Mrpe5vKG49RI8B9dtuASwlZtnQMSvGt8iBZastQz73+WYzsvU1y39gARNFnTdzEUwK04vboamJ1EAEhpwpaCuKgmE8v5IzHK1qDrPOCLS0HTFd46P7r/Ga/vqbz/r8B5CuJISQjdxTYaSlSEkuiVCnZdJIAsOFUr1qBk= imported-openssh-key",
                "username": "adminuser"
              }
            ],
            "admin_username": "adminuser",
            "allow_extension_operations": true,
            "availability_set_id": "",
            "boot_diagnostics": [],
            "capacity_reservation_group_id": "",
            "computer_name": "AA9F9-VM-JENKINS-WORKER",
            "custom_data": null,
            "dedicated_host_group_id": "",
            "dedicated_host_id": "",
            "disable_password_authentication": true,
            "edge_zone": "",
            "encryption_at_host_enabled": false,
            "eviction_policy": "",
            "extensions_time_budget": "PT1H30M",
            "gallery_application": [],
            "id": "/subscriptions/891195e4-c78e-4b5d-86b4-88b6d1875195/resourceGroups/RES-GRP-CT360-TUTORING-ADV-AA9F9/providers/Microsoft.Compute/virtualMachines/AA9F9-VM-JENKINS-WORKER",
            "identity": [],
            "license_type": "",
            "location": "westeurope",
            "max_bid_price": -1,
            "name": "AA9F9-VM-JENKINS-WORKER",
            "network_interface_ids": [
              "/subscriptions/891195e4-c78e-4b5d-86b4-88b6d1875195/resourceGroups/RES-GRP-CT360-TUTORING-ADV-AA9F9/providers/Microsoft.Network/networkInterfaces/AA9F9-JENKINS-WORKER-NIC"
            ],
            "os_disk": [
              {
                "caching": "ReadWrite",
                "diff_disk_settings": [],
                "disk_encryption_set_id": "",
                "disk_size_gb": 30,
                "name": "AA9F9-VM-JENKINS-WORKER_disk1_50eb82610ecf48d5902de1cc922a233c",
                "secure_vm_disk_encryption_set_id": "",
                "security_encryption_type": "",
                "storage_account_type": "Premium_LRS",
                "write_accelerator_enabled": false
              }
            ],
            "patch_assessment_mode": "ImageDefault",
            "patch_mode": "ImageDefault",
            "plan": [],
            "platform_fault_domain": -1,
            "priority": "Regular",
            "private_ip_address": "10.0.2.5",
            "private_ip_addresses": [
              "10.0.2.5"
            ],
            "provision_vm_agent": true,
            "proximity_placement_group_id": "",
            "public_ip_address": "40.68.95.36",
            "public_ip_addresses": [
              "40.68.95.36"
            ],
            "resource_group_name": "RES-GRP-CT360-TUTORING-ADV-AA9F9",
            "secret": [],
            "secure_boot_enabled": false,
            "size": "Standard_B2s",
            "source_image_id": "",
            "source_image_reference": [
              {
                "offer": "0001-com-ubuntu-server-focal",
                "publisher": "canonical",
                "sku": "20_04-lts-gen2",
                "version": "latest"
              }
            ],
            "tags": {
              "GROUP": "Pipeline",
              "OWNER": "Nejla",
              "ROLE": "Worker"
            },
            "termination_notification": [],
            "timeouts": null,
            "user_data": "",
            "virtual_machine_id": "82756298-2ddb-4071-a581-3633f36671b5",
            "virtual_machine_scale_set_id": "",
            "vtpm_enabled": false,
            "zone": ""
          },
          "sensitive_attributes": [],
          "private": "eyJlMmJmYjczMC1lY2FhLTExZTYtOGY4OC0zNDM2M2JjN2M0YzAiOnsiY3JlYXRlIjoyNzAwMDAwMDAwMDAwLCJkZWxldGUiOjI3MDAwMDAwMDAwMDAsInJlYWQiOjMwMDAwMDAwMDAwMCwidXBkYXRlIjoyNzAwMDAwMDAwMDAwfX0=",
          "dependencies": [
            "module.create-network.azurerm_subnet.internal",
            "module.create-network.azurerm_virtual_network.vnet",
            "module.create-worker-jenkins-vm.azurerm_network_interface.network-interface",
            "module.create-worker-jenkins-vm.azurerm_public_ip.public-ip",
            "module.import-rg.data.azurerm_resource_group.rg"
          ]
        }
      ]
    },
    {
      "module": "module.create-worker-jenkins-vm",
      "mode": "managed",
      "type": "azurerm_network_interface",
      "name": "network-interface",
      "provider": "provider[\"registry.terraform.io/hashicorp/azurerm\"]",
      "instances": [
        {
          "schema_version": 0,
          "attributes": {
            "applied_dns_servers": [],
            "dns_servers": [],
            "edge_zone": "",
            "enable_accelerated_networking": false,
            "enable_ip_forwarding": false,
            "id": "/subscriptions/891195e4-c78e-4b5d-86b4-88b6d1875195/resourceGroups/RES-GRP-CT360-TUTORING-ADV-AA9F9/providers/Microsoft.Network/networkInterfaces/AA9F9-JENKINS-WORKER-NIC",
            "internal_dns_name_label": "",
            "internal_domain_name_suffix": "mc43x51pkhnuvbq5qmjtslb1ag.ax.internal.cloudapp.net",
            "ip_configuration": [
              {
                "gateway_load_balancer_frontend_ip_configuration_id": "",
                "name": "JENKINS-WORKER-NIC-CONFIG",
                "primary": true,
                "private_ip_address": "10.0.2.5",
                "private_ip_address_allocation": "Dynamic",
                "private_ip_address_version": "IPv4",
                "public_ip_address_id": "/subscriptions/891195e4-c78e-4b5d-86b4-88b6d1875195/resourceGroups/RES-GRP-CT360-TUTORING-ADV-AA9F9/providers/Microsoft.Network/publicIPAddresses/AA9F9-JENKINS-WORKER-PUBLIC-IP",
                "subnet_id": "/subscriptions/891195e4-c78e-4b5d-86b4-88b6d1875195/resourceGroups/RES-GRP-CT360-TUTORING-ADV-AA9F9/providers/Microsoft.Network/virtualNetworks/AA9F9-VNET/subnets/AA9F9-SUBNET"
              }
            ],
            "location": "westeurope",
            "mac_address": "60-45-BD-92-43-08",
            "name": "AA9F9-JENKINS-WORKER-NIC",
            "private_ip_address": "10.0.2.5",
            "private_ip_addresses": [
              "10.0.2.5"
            ],
            "resource_group_name": "RES-GRP-CT360-TUTORING-ADV-AA9F9",
            "tags": {
              "GROUP": "Pipeline",
              "OWNER": "Nejla",
              "ROLE": "Worker"
            },
            "timeouts": null,
            "virtual_machine_id": "/subscriptions/891195e4-c78e-4b5d-86b4-88b6d1875195/resourceGroups/RES-GRP-CT360-TUTORING-ADV-AA9F9/providers/Microsoft.Compute/virtualMachines/AA9F9-VM-JENKINS-WORKER"
          },
          "sensitive_attributes": [],
          "private": "eyJlMmJmYjczMC1lY2FhLTExZTYtOGY4OC0zNDM2M2JjN2M0YzAiOnsiY3JlYXRlIjoxODAwMDAwMDAwMDAwLCJkZWxldGUiOjE4MDAwMDAwMDAwMDAsInJlYWQiOjMwMDAwMDAwMDAwMCwidXBkYXRlIjoxODAwMDAwMDAwMDAwfX0=",
          "dependencies": [
            "module.create-network.azurerm_subnet.internal",
            "module.create-network.azurerm_virtual_network.vnet",
            "module.create-worker-jenkins-vm.azurerm_public_ip.public-ip",
            "module.import-rg.data.azurerm_resource_group.rg"
          ]
        }
      ]
    },
    {
      "module": "module.create-worker-jenkins-vm",
      "mode": "managed",
      "type": "azurerm_network_interface_security_group_association",
      "name": "NSG-A",
      "provider": "provider[\"registry.terraform.io/hashicorp/azurerm\"]",
      "instances": [
        {
          "schema_version": 0,
          "attributes": {
            "id": "/subscriptions/891195e4-c78e-4b5d-86b4-88b6d1875195/resourceGroups/RES-GRP-CT360-TUTORING-ADV-AA9F9/providers/Microsoft.Network/networkInterfaces/AA9F9-JENKINS-WORKER-NIC|/subscriptions/891195e4-c78e-4b5d-86b4-88b6d1875195/resourceGroups/RES-GRP-CT360-TUTORING-ADV-AA9F9/providers/Microsoft.Network/networkSecurityGroups/AA9F9-NSG",
            "network_interface_id": "/subscriptions/891195e4-c78e-4b5d-86b4-88b6d1875195/resourceGroups/RES-GRP-CT360-TUTORING-ADV-AA9F9/providers/Microsoft.Network/networkInterfaces/AA9F9-JENKINS-WORKER-NIC",
            "network_security_group_id": "/subscriptions/891195e4-c78e-4b5d-86b4-88b6d1875195/resourceGroups/RES-GRP-CT360-TUTORING-ADV-AA9F9/providers/Microsoft.Network/networkSecurityGroups/AA9F9-NSG",
            "timeouts": null
          },
          "sensitive_attributes": [],
          "private": "eyJlMmJmYjczMC1lY2FhLTExZTYtOGY4OC0zNDM2M2JjN2M0YzAiOnsiY3JlYXRlIjoxODAwMDAwMDAwMDAwLCJkZWxldGUiOjE4MDAwMDAwMDAwMDAsInJlYWQiOjMwMDAwMDAwMDAwMCwidXBkYXRlIjoxODAwMDAwMDAwMDAwfX0=",
          "dependencies": [
            "module.create-network.azurerm_network_security_group.nsg-rule",
            "module.create-network.azurerm_subnet.internal",
            "module.create-network.azurerm_virtual_network.vnet",
            "module.create-worker-jenkins-vm.azurerm_network_interface.network-interface",
            "module.create-worker-jenkins-vm.azurerm_public_ip.public-ip",
            "module.import-rg.data.azurerm_resource_group.rg"
          ]
        }
      ]
    },
    {
      "module": "module.create-worker-jenkins-vm",
      "mode": "managed",
      "type": "azurerm_public_ip",
      "name": "public-ip",
      "provider": "provider[\"registry.terraform.io/hashicorp/azurerm\"]",
      "instances": [
        {
          "schema_version": 0,
          "attributes": {
            "allocation_method": "Static",
            "ddos_protection_mode": "VirtualNetworkInherited",
            "ddos_protection_plan_id": null,
            "domain_name_label": null,
            "edge_zone": "",
            "fqdn": null,
            "id": "/subscriptions/891195e4-c78e-4b5d-86b4-88b6d1875195/resourceGroups/RES-GRP-CT360-TUTORING-ADV-AA9F9/providers/Microsoft.Network/publicIPAddresses/AA9F9-JENKINS-WORKER-PUBLIC-IP",
            "idle_timeout_in_minutes": 4,
            "ip_address": "40.68.95.36",
            "ip_tags": {},
            "ip_version": "IPv4",
            "location": "westeurope",
            "name": "AA9F9-JENKINS-WORKER-PUBLIC-IP",
            "public_ip_prefix_id": null,
            "resource_group_name": "RES-GRP-CT360-TUTORING-ADV-AA9F9",
            "reverse_fqdn": null,
            "sku": "Basic",
            "sku_tier": "Regional",
            "tags": {
              "GROUP": "Pipeline",
              "OWNER": "Nejla",
              "ROLE": "Worker"
            },
            "timeouts": null,
            "zones": []
          },
          "sensitive_attributes": [],
          "private": "eyJlMmJmYjczMC1lY2FhLTExZTYtOGY4OC0zNDM2M2JjN2M0YzAiOnsiY3JlYXRlIjoxODAwMDAwMDAwMDAwLCJkZWxldGUiOjE4MDAwMDAwMDAwMDAsInJlYWQiOjMwMDAwMDAwMDAwMCwidXBkYXRlIjoxODAwMDAwMDAwMDAwfX0=",
          "dependencies": [
            "module.import-rg.data.azurerm_resource_group.rg"
          ]
        }
      ]
    },
    {
      "module": "module.deploy-cluster",
      "mode": "managed",
      "type": "azurerm_kubernetes_cluster",
      "name": "cluster",
      "provider": "provider[\"registry.terraform.io/hashicorp/azurerm\"]",
      "instances": [
        {
          "schema_version": 2,
          "attributes": {
            "aci_connector_linux": [],
            "api_server_authorized_ip_ranges": null,
            "auto_scaler_profile": [],
            "automatic_channel_upgrade": "",
            "azure_active_directory_role_based_access_control": [],
            "azure_policy_enabled": null,
            "default_node_pool": [
              {
                "capacity_reservation_group_id": "",
                "enable_auto_scaling": false,
                "enable_host_encryption": false,
                "enable_node_public_ip": false,
                "fips_enabled": false,
                "host_group_id": "",
                "kubelet_config": [],
                "kubelet_disk_type": "OS",
                "linux_os_config": [],
                "max_count": 0,
                "max_pods": 110,
                "message_of_the_day": "",
                "min_count": 0,
                "name": "prodpool",
                "node_count": 2,
                "node_labels": {},
                "node_public_ip_prefix_id": "",
                "node_taints": null,
                "only_critical_addons_enabled": false,
                "orchestrator_version": "1.23.12",
                "os_disk_size_gb": 128,
                "os_disk_type": "Managed",
                "os_sku": "Ubuntu",
                "pod_subnet_id": "",
                "proximity_placement_group_id": "",
                "scale_down_mode": "Delete",
                "tags": null,
                "type": "VirtualMachineScaleSets",
                "ultra_ssd_enabled": false,
                "upgrade_settings": [],
                "vm_size": "Standard_B2s",
                "vnet_subnet_id": "",
                "workload_runtime": "",
                "zones": null
              }
            ],
            "disk_encryption_set_id": "",
            "dns_prefix": "k8-AA9F9-prod",
            "dns_prefix_private_cluster": "",
            "edge_zone": "",
            "enable_pod_security_policy": false,
            "fqdn": "k8-aa9f9-prod-111013b3.hcp.westeurope.azmk8s.io",
            "http_application_routing_enabled": null,
            "http_application_routing_zone_name": null,
            "http_proxy_config": [],
            "id": "/subscriptions/891195e4-c78e-4b5d-86b4-88b6d1875195/resourceGroups/RES-GRP-CT360-TUTORING-ADV-AA9F9/providers/Microsoft.ContainerService/managedClusters/k8-AA9F9-cluster",
            "identity": [
              {
                "identity_ids": null,
                "principal_id": "64970978-1cb1-4358-9fb4-1dce90d08034",
                "tenant_id": "4d229559-cbcf-4d33-b775-b508748825c0",
                "type": "SystemAssigned"
              }
            ],
            "ingress_application_gateway": [],
            "key_vault_secrets_provider": [],
            "kube_admin_config": [],
            "kube_admin_config_raw": "",
            "kube_config": [
              {
                "client_certificate": "LS0tLS1CRUdJTiBDRVJUSUZJQ0FURS0tLS0tCk1JSUZIVENDQXdXZ0F3SUJBZ0lRYjRSN1BHamVYY1RKMW0vRlJ2TlRkVEFOQmdrcWhraUc5dzBCQVFzRkFEQU4KTVFzd0NRWURWUVFERXdKallUQWVGdzB5TWpFeU1EWXdPVFV6TVRGYUZ3MHlOREV5TURZeE1EQXpNVEZhTURBeApGekFWQmdOVkJBb1REbk41YzNSbGJUcHRZWE4wWlhKek1SVXdFd1lEVlFRREV3eHRZWE4wWlhKamJHbGxiblF3CmdnSWlNQTBHQ1NxR1NJYjNEUUVCQVFVQUE0SUNEd0F3Z2dJS0FvSUNBUURpNGYvWDMrdm4zVEE1L09iSExuQW8KYzVtTWNXVit2OXhNcThpVHEwS0pZRS9vUEd1NnA0cmhqWVNZaUhLL1M2TlcrU0I0OElRcDJDdVF0bUYwNnRrMgowejA0a05hNUZ5dnIvT1dVZFJWTVpPellXMjcvUXU1cWpEYysrRlNXbWNBUG0weDI0cTFnYnQybVIwSFFqcVgwCnZSRTlEaE50eVpEMVkxWi93TFFWY2ZTY21Ibnl1ZjVaRDZMOTdNN2xrdGNLZHFJVXRlOTZaVTRBVVlITC94WHMKazIxbVFoYWlXOStFd0o0TExCKzg3ejhra0xwYVRsYmIrUTd4cUlpNFRMSjlVUTNjZHBqTkRyMlR2Yys2QjlMNQo0eDlzZC91bkFpR20yc3BUaHI3UTJ3b2tzL1JuTEQ5MnlCbEloU0VrTldrRE4rY2dwdnJBYTNSK3FrVDd5Z2MvCjBxamptQUtBeHR5ckFPVFRhNGVTTVU5azRZZ2lOWXgva3NQUkd1ZCtDYVJrdFRUNGdVM1VUeVUwdG9rYVRsRGIKNzJNeHFxQVNqcHI2QmcwU2FsbmNOb051bW5zdisxeWEyZjJiKzVaSnBvMXJrcFpmcmhVZWwyU1FHOGgwL2F3UQpaQWFEbUtBaXBvaTd1UnhidFV2OGFuTlI5anlaTUZGU1B6a0ZEcW1TNE9wS0E0Z1hVNzAxYlhaUFhGTzZjYmdyCnorWlZlbFpJVWVrbmc5QmFISGVBaG1Pc09wak11eW5adzlaZENFQ2s0SUdLWkdEdm00Q1I5LzJ5V0wvc2p2WlUKbDJmNFppYW1JbE1mMlZQcnc3MDlMRWZkMzBlT1NtVHNsYjFMTVdSaG9mZVBmekRRa2xzQWR3TjdMMThPTDZzTgpUQkI3d1YyRVRMMDUzc1NvRHVsNS93SURBUUFCbzFZd1ZEQU9CZ05WSFE4QkFmOEVCQU1DQmFBd0V3WURWUjBsCkJBd3dDZ1lJS3dZQkJRVUhBd0l3REFZRFZSMFRBUUgvQkFJd0FEQWZCZ05WSFNNRUdEQVdnQlRWZUk4TXhqSjkKMWE3b3ZzeTlHR3U3NTJJMUxUQU5CZ2txaGtpRzl3MEJBUXNGQUFPQ0FnRUFmdXdUdTNUSUp5S015MWo0M09taApTWmkyMm1Ndks5UWcxZXVSZUEyZk9EdXdMQ2FLYTlUbGJtNXpWZkZwaHIwdE9zSlZ6Ym96a1dTa002eUdMVXhWCkVLSU1IMHh4a3lNY25ORFBqWlN6R2xHc0grNDUvZ3QwcEpTWXhaSUVDTVFUUEREOTJpSGhxSk1iYUhRbmRzWFoKaVdzS2VCNTlFTGtPeTQ0TmJ4OExHMlFIUTVDZkE4WDUyM3B5a1A4dDdCWVlZREpaSXg0RWVGNlAzb0VPVmI1WgprWWVoL1BNMlVrbFI4bDJPQXRsR1VLRnV4clFyQmJ3QmxDclJNenVVVUNuRFkxNStVQnZJcWwzblhmdTJ4MCs5CkZBRlN5Q1dtQXgzVys1S0h1eHR0bjZpWE1TN2RSdDZVSmdycC9sc3A0SWdNOWhhck1iT1o0VWNGR3cyTkp2MTEKOCtLTFNObm1uakhkYitUakJLQmt4MWdlVDR4am5XWTF1VnhmY2lndFJQWkdKWGRxd1daMDM4NHJxd2lpT2dqUQpqdE51Z1JISXJjTGZPR2NKZDRTdHlNK2NXZVlicEVlQlhPdjBxamNPaDdwZFI4M21XN2FqY3M2c2R0QTRQMnZlCnpQVkU5eERiVFVVVU1rT09JdVNyYmsvY21SQVlUYnVRaXV0MUVWWFhIaUt0Z1ErRExxZjI0YlFRSytqaGltZnQKVE9McTdkcWVXT25kaklqU1BHVlFlYm0wa2dJK3FoTnRwejlsdmJVMDlsanQ3U01WR3lUWFRIYTlUU2RrS25kVAp0TTVsZVFJczFNTXA3N2hWU2JUSXRBUVNNS0tTOWdqemE5SnJHcUI2STU2UnZYUysxVVJoWDlYaXVxTjVoNE10CjZoSkJCLzJ5U0tjNGZGdVVpNUJvZWlFPQotLS0tLUVORCBDRVJUSUZJQ0FURS0tLS0tCg==",
                "client_key": "LS0tLS1CRUdJTiBSU0EgUFJJVkFURSBLRVktLS0tLQpNSUlKS0FJQkFBS0NBZ0VBNHVILzE5L3I1OTB3T2Z6bXh5NXdLSE9aakhGbGZyL2NUS3ZJazZ0Q2lXQlA2RHhyCnVxZUs0WTJFbUloeXYwdWpWdmtnZVBDRUtkZ3JrTFpoZE9yWk50TTlPSkRXdVJjcjYvemxsSFVWVEdUczJGdHUKLzBMdWFvdzNQdmhVbHBuQUQ1dE1kdUt0WUc3ZHBrZEIwSTZsOUwwUlBRNFRiY21ROVdOV2Y4QzBGWEgwbkpoNQo4cm4rV1EraS9lek81WkxYQ25haUZMWHZlbVZPQUZHQnkvOFY3Sk50WmtJV29sdmZoTUNlQ3l3ZnZPOC9KSkM2CldrNVcyL2tPOGFpSXVFeXlmVkVOM0hhWXpRNjlrNzNQdWdmUytlTWZiSGY3cHdJaHB0cktVNGErME5zS0pMUDAKWnl3L2RzZ1pTSVVoSkRWcEF6Zm5JS2I2d0d0MGZxcEUrOG9IUDlLbzQ1Z0NnTWJjcXdEazAydUhrakZQWk9HSQpJaldNZjVMRDBScm5mZ21rWkxVMCtJRk4xRThsTkxhSkdrNVEyKzlqTWFxZ0VvNmErZ1lORW1wWjNEYURicHA3CkwvdGNtdG45bS91V1NhYU5hNUtXWDY0VkhwZGtrQnZJZFAyc0VHUUdnNWlnSXFhSXU3a2NXN1ZML0dwelVmWTgKbVRCUlVqODVCUTZwa3VEcVNnT0lGMU85TlcxMlQxeFR1bkc0SzgvbVZYcFdTRkhwSjRQUVdoeDNnSVpqckRxWQp6THNwMmNQV1hRaEFwT0NCaW1SZzc1dUFrZmY5c2xpLzdJNzJWSmRuK0dZbXBpSlRIOWxUNjhPOVBTeEgzZDlICmprcGs3Slc5U3pGa1lhSDNqMzh3MEpKYkFIY0RleTlmRGkrckRVd1FlOEZkaEV5OU9kN0VxQTdwZWY4Q0F3RUEKQVFLQ0FnQkwrWllzK2dVTFhkeGFici94RHpIcnVkby9WM0cvWWd3cGVKVHdMamRYdlhMRXVBYnpPRXVmZ0Q1WQp2Y2gvR3BzVjh0TFc3T08xQjNoL096T2piVWxUdktVUm5oN3BXRU1UQVZyM3ZjVm1FWjNtVGFmN3ZyUUw1ZXhTCkgrSmpsQlRtcFFDVUJ4QTc3S1E0bkVBRDBPRHQ5YW9pSWVhTHF5WHBwbHcrNTQ3bVo0U2NNOHNTWndvdlZMY20KQlBpN2s5S0M1SHNlS0ZhTFRBVTB3aGFPODFxcUlDeFFRKzFFYlRPS1J0NGxxNTd0SzhpZk8vL0xZZFJnVVNTWgo4Ky9rbDNwbDBKQ3R0T0V5T2E5dUcrL0Z3Zno2UlA0dTJuYmcxQ3ZrcmZ0MndQYUJCZmg5bGUxUDUxZFJOV3lTCkJsSzB4MVhsQ0FGVHc5YlFQS3VFQnd5V3JHNkVaUm5KcWY5eFVqM2RIR0tqcGdjeCtLNW1DSHUvZGVsVjBOMzUKV0Y5a0RkOWZBbUhnMUhJNU5VbTdqckRReG5XRkppbmNYNlJ6REFRWWtpZFl2WHViSjJ6VVJLUTlhTTB6WEJITApVV3J5Q0loT0RxU21Md1ZpbE5VaGVxL2lRSjgrYnJWaklKSzQ3L0ZyU2QrelR2cVpZMWVrOFU5Nlh6ODk1SHNFCjJHZmMvM20yamJ0c2tuTGdNTFQrbmgyTE10aVdkNUUzV0FkVzFqR0ZzMG1JN3Z0V256U2h0aThCMXVsNTdEam8KazE0R21CVlM3UEdoeHcxL2ROUDNrNnNHRG11em1nVlhyOERmSmZWV2FHOVpyNGpuNUZzTzViNmFtVjVDOGthSwp5Nmxab3ZUZUx0eXZtMkFWcW43OVIwWlJ4OCt3Z05ISFVVc0crTEx1RWJmMTRqUnk0UUtDQVFFQTR2ZkRENTFQCkd3Q205M0NPcVpDSmc4NlEvN1kvKzdTQyt1RkRzNVFvTjkrYW9uRng3QkxSMlQ5eUxQM3ZsTzM3M240dzNMZDIKbFFPb0N5WDh4bExxcmp1L2ljYXhFSlEzRTJrS3cvSEVuUWwwTnF5WnJSbnFwdDVYa2I2MlUzV2RjTFhWZ1JnbwpybmZmVURTWVlpMlVaS1ZhQUFNZDdOTStNRGlOY3BHV2F2eDBUOVdLUTMzQ3o1eU9NN05KOUxJZUswbHFaNmhaCmFwd01XcmdwTHRhcVVFSkJpSlhlTmNTdzZRZVZHMTdZREZSK3ZnSFJodXp3dDYxcG5Cd3hRaWFjRnllZUNFTVMKZWUvbzdHMXV5dHNHd3VnUVZEczg3eHlUcEhkWmN5MXBIa3lDVjZhYzhraXRWMUp6N21rL0h0bElucHllQ0VLNApQaUR6NzJDVnM2OTZ4d0tDQVFFQS8rZDBKbVY3WDl3ZDNENWFRcGpCNVYvT3NVdklseHVUclF3M25YMDdIWHN5ClBwMGlQS0pka2VIc2hyMWJIbmk5Y3E2ZFdyZ0hONjZrdEpCUFUzenFjNG96aEFybzByanhnNUFxUDNwOFJXeEgKaUgwUndwb1ZzNHNGOEVjTGlBUk04a3B0OVU3TTQwQllzbWdXWlJWOWNMYkFmc3NjYXpSamtna25ZblhaaFNIRQpXZFNoOGY3SytON1ROQUtHMVg1VDBWMFRweExUU1VodysyeGMrQitqei9ReFMwZjNBNTVPN3NxMlZNOWtxTHlKCldVaGl1NGpZY2praTFIUFdvRDRHVDB0R1hEUGtOT0FHbHBzRHBWcjVxejgrTWI4cFdKRDRVNk53UEdHeU42MHYKT0NuN3VkVGNnZUU3RVF1S1E1ZDJoQ0hFS2dxSWN5L3JkQzlUeFkrUENRS0NBUUFNTmhSU2xMNGF6OUFyNCt4cApCeE8rK2JBbmNlRERaQlRmOXBxejRMYkJPdENSQ05WK1JBenlTVTJWU2h4SHdQNGFIR1A0bkE1UE9pRWlhR3JQCktNcmprT2RmUEVkdWd1cnJxbTBmMmJRZ1ZzL2YyUzF6ZUw5OU50MHpSRFYvREFicWQzNERNZytPUTNqS1Vlb1kKN2liYnUyRzZPbkN6dXpIUFdsdVIzRzloVmkvVDA4TmFtanVPKy9kU3BNVEgyNFZ3QXNVc3lvdjFCbXhMdlRqSwpBbGFyZHNVYjJpUllkRHFvYnZZQXdQdVN2a0VMYkFHZjVzT1V2a20rVW0zOEJ5UEN3eWpuZk9SVGx5cksvYUJHClhiNWhZaWJ1d1Rrb0REdU5UN2FLVWRrai9pM05GWFBBUFZUR0svTjgwa0RKSWh1Y0hRVUxvTHRVN0dUemJoamYKMEFNbEFvSUJBUUN6OXdqWEM5MUUzOTdjQ2JtZVJpRnQ5dis3N2NqR2crMUo4R0tZVGY2cHovN1l5OWJNLzM2QQpYbnJoa3Y4bW9kRFJldjFNVkVrM0hvblVOZnlqZ1NDOFduKzZKNVh1dzRPTmUzQktyaEFCSHBINzZjRDRzelg1Cnl4WkZFU0dKNlVSWHpJSWgxdVgrRnoySlVld1Y4SlFFRlhHd2VaU2x5L1VPT1lQS0dZajh1RytHb1NPMnRQSDMKTFhVb2lYSmJaL2o0THRYb1ZEUGt3SjQ4SXN3Szd1MWNES1l5QkEweUxUM2pid25sQU9rUVJXN3VMQnJMT2dURgo1MnFZTUZMSzVITzVoZjJZVUNINEVXaHd0OWxMaTN3enMwbEE0T2ZwMGlIaFovcEJiSTlSMm1odnZnNjZkSGtTCm1kdlpNOTFyaFhRaW5rQi9OR01iWnFMV1ZZWTdWS2RKQW9JQkFDSjFWYVpieTIzdXoyRWJMNXhveVppNm8rUFMKNlNzN096MmN2YUc3S0lOcWVHQmZSbkJVWHZzdTZMVnFHSUlTNFRtVEkyd3dlM0hOcEdWdWxST21sMlZ6c1U3TgowNVJIOUFHN0gzaFREb1h5dUJQS29Kd05XV2d4ZTVGaHREYXFmcU5GTzBPaUVSdlRtZy9uNzBMYUs5Uzl3RjdHCldkc1F6QXNsc3kvdlA3NXIzUnhFaUpVZGppRWJCZjI3L2xRUkliS2FrWG1SS21jbThGQkNpdUl1STBZZVFlOVIKMDduWEE5a28zS0wrZXp1YjBtaW5YejA4RllPeFdwTjBjMDF4Ty96bmIxNEVYWFg1S25mQ2laL2JkdElvVGxwRgpLMnlMVDVWTEFDYWltdEVyNXVQOFY4Y0I5NUw0bG5QejRUdTJJM0pjOVNDMlU4OFFmM1hHTHYwWHhWST0KLS0tLS1FTkQgUlNBIFBSSVZBVEUgS0VZLS0tLS0K",
                "cluster_ca_certificate": "LS0tLS1CRUdJTiBDRVJUSUZJQ0FURS0tLS0tCk1JSUU2VENDQXRHZ0F3SUJBZ0lSQU9BM3JJbk8vcGtzdmdTcnVQallHRDR3RFFZSktvWklodmNOQVFFTEJRQXcKRFRFTE1Ba0dBMVVFQXhNQ1kyRXdJQmNOTWpJeE1qQTJNRGsxTXpFeFdoZ1BNakExTWpFeU1EWXhNREF6TVRGYQpNQTB4Q3pBSkJnTlZCQU1UQW1OaE1JSUNJakFOQmdrcWhraUc5dzBCQVFFRkFBT0NBZzhBTUlJQ0NnS0NBZ0VBCnUxdTR3ck1wamdodVhhSDlSWU1UaUhDbXBkZG1ZWVRVbVBlL0VZMnU5d0t3VjJHRENVcGNsb1JPZk5Oc3VYMU8KSm9NT1pGb2pIVXE2TVl1RURGbzU4M3dTb0tSQVkwUUpLczlYWmRQODkwaWp1TllCSllaK0JjaTlhKy9HTzJNMgpndG04Q1AxaXg1M21MVnUwQnorenF0V1FCb0tTVzRVT0dmUG4zY1lodjFZSlpHWlBadzYzZ1pHL3U0RTF5aXkwCmlsNjJQcVJBc1BURnR5ZU5pbXhGczV0SEhaaXJCUldoUGpUelJ3bE1YSllGN3d0anpCVmVlWXREYkhXbXYvRGsKWDI1SktGOG04R1VNTVQ1dGhmdjNiVDNxL0kvN3ZIOU9aOEY5UFNncjd5MmQ1WTVGd3F4MnJsK2ZEaE5uczMrZQpVdTlWcXEwaTE2bUZJSnJscjNGV09GME1vVldCaFkxbEJUQzNYdVRvb3RkcmdtTTc5c0dMcnhxcXU4Q1cvTWZQCnkzdENMWXRDNDFUK0VheTgxUHprY2FoUkhYd1FOQ2krNnIwdDlTUC8xZTBvd2xWZHR4cjFXdkw2eFdOZzhLSE0KOTlZY1VhTmJYT2V0MklHb1k3MjVqR3lGU2Y2MnNpYXQ4M2k3c2ZIbGpZMXhkQ0FvcnhITFRhME1SSGpHUWNZegp6QUNsZ2JYZ1FTL016MnJ5VGphdVJGQys3S0xGQ0JOZjB2M2NDTms3cWNDeVk1MmViNTFDSVpyR2hFM0dvVXFlCmlCMDByQ0prbGFGay8yK0ZhU05rYWlqTHJKQ25ZSDMvTnpkUkFRSUNwZkNwdHBjaDJYTlRnUlhrZHNjcStKdWUKZFVicU15YnFqV2NPcHNVWnlkVng2UnpDaDMyK01jMEUxdXFQTFd6QndXa0NBd0VBQWFOQ01FQXdEZ1lEVlIwUApBUUgvQkFRREFnS2tNQThHQTFVZEV3RUIvd1FGTUFNQkFmOHdIUVlEVlIwT0JCWUVGTlY0and6R01uM1ZydWkrCnpMMFlhN3ZuWWpVdE1BMEdDU3FHU0liM0RRRUJDd1VBQTRJQ0FRQSs3OVNqOS9Da3dhWWdJbWtMa0NoZVV1L2IKelQ0TE1HQk1xZVFyRExZN3ZySFFnUEY3cmE0MUdxcnZsTWttM2ZSOFVsNDVIV0FvcEprM1lYYkJaVk9wclIySwpEVS9YYjBFM2RIM0prUTBwbzRVUkVtaDZpQnl1QllqL3ppa3hCSFVJVEx2Mm9nV3NDOFZhQTYxTG0vU3djT0ZmClNxS2ZqVEkyM2pUTmErb1MwaGxBbnQ0ZFFBZ2RibWtlY1VUa3FXRkZPTkRNRGJyVzhLdGZZeXVzanBlOUw5WGoKMUZHZldCSnk5VmFFMkVNR0wzRklzZVRLYVJYWHo3bDYrVlJaQm5rM1FmeWwxdFlYM1RCM2VvMStUdThiS2UvUAovb3dwTVFkaytPNFZKdWVuV3Z6YTgrckZ4YWowaXk0WUVabG5WRGdNRTdwWnd3NzJrYS9CUlQwK3dWVDJRQnFyCkNKSy9jZ1RJcDlzZVBjYi9XakFVcUs3Q0RucXVBV0ovaHVBNXdJZWE3a0cwL1E4R1dmaXNNS1p1TDdvNGlITlcKZjBXMC9jM3A1TldjVVZrL2dyTE5FUExHWlV5RkRhOTNjVmdEeWgySGdySTF0cGEveDcwenBCMktMRXBKelV4NAo3NG80YWUxQ2IweXZ3Z0xBQnRIS3p5cWtwamZJOFZKR0s2REh2TnB1M0N1d0NLWnZOWDl2WkR0ZDZHam5VTGIrClk3NVZYWFVPaHlwK0RFa0dCMkovL3VaTmpZMlZkd2pINTZCUVFObnh0WHZkSTQyS3NwQS9tdGRVRkRoV2ltM3MKc2lQMmQvZVNHNTR4Q212QlhTdmw0YWw1YkZ5Um1WOVNOcGZJL2RQeUtoQ0ZWRGs5VzJCM3hYd2s1enNlVVFwOQpRQmZhNFZSMUVTWFd5N04rTnc9PQotLS0tLUVORCBDRVJUSUZJQ0FURS0tLS0tCg==",
                "host": "https://k8-aa9f9-prod-111013b3.hcp.westeurope.azmk8s.io:443",
                "password": "469b8b65a436c30359e7652e38a6ce3c3da671c315dcc5ab99310c270065b9034ec00b006dea5752a01e5bcaedd475f1a71d02c895f8b91e5eb6b1141e48cd8e",
                "username": "clusterUser_RES-GRP-CT360-TUTORING-ADV-AA9F9_k8-AA9F9-cluster"
              }
            ],
            "kube_config_raw": "apiVersion: v1\nclusters:\n- cluster:\n    certificate-authority-data: LS0tLS1CRUdJTiBDRVJUSUZJQ0FURS0tLS0tCk1JSUU2VENDQXRHZ0F3SUJBZ0lSQU9BM3JJbk8vcGtzdmdTcnVQallHRDR3RFFZSktvWklodmNOQVFFTEJRQXcKRFRFTE1Ba0dBMVVFQXhNQ1kyRXdJQmNOTWpJeE1qQTJNRGsxTXpFeFdoZ1BNakExTWpFeU1EWXhNREF6TVRGYQpNQTB4Q3pBSkJnTlZCQU1UQW1OaE1JSUNJakFOQmdrcWhraUc5dzBCQVFFRkFBT0NBZzhBTUlJQ0NnS0NBZ0VBCnUxdTR3ck1wamdodVhhSDlSWU1UaUhDbXBkZG1ZWVRVbVBlL0VZMnU5d0t3VjJHRENVcGNsb1JPZk5Oc3VYMU8KSm9NT1pGb2pIVXE2TVl1RURGbzU4M3dTb0tSQVkwUUpLczlYWmRQODkwaWp1TllCSllaK0JjaTlhKy9HTzJNMgpndG04Q1AxaXg1M21MVnUwQnorenF0V1FCb0tTVzRVT0dmUG4zY1lodjFZSlpHWlBadzYzZ1pHL3U0RTF5aXkwCmlsNjJQcVJBc1BURnR5ZU5pbXhGczV0SEhaaXJCUldoUGpUelJ3bE1YSllGN3d0anpCVmVlWXREYkhXbXYvRGsKWDI1SktGOG04R1VNTVQ1dGhmdjNiVDNxL0kvN3ZIOU9aOEY5UFNncjd5MmQ1WTVGd3F4MnJsK2ZEaE5uczMrZQpVdTlWcXEwaTE2bUZJSnJscjNGV09GME1vVldCaFkxbEJUQzNYdVRvb3RkcmdtTTc5c0dMcnhxcXU4Q1cvTWZQCnkzdENMWXRDNDFUK0VheTgxUHprY2FoUkhYd1FOQ2krNnIwdDlTUC8xZTBvd2xWZHR4cjFXdkw2eFdOZzhLSE0KOTlZY1VhTmJYT2V0MklHb1k3MjVqR3lGU2Y2MnNpYXQ4M2k3c2ZIbGpZMXhkQ0FvcnhITFRhME1SSGpHUWNZegp6QUNsZ2JYZ1FTL016MnJ5VGphdVJGQys3S0xGQ0JOZjB2M2NDTms3cWNDeVk1MmViNTFDSVpyR2hFM0dvVXFlCmlCMDByQ0prbGFGay8yK0ZhU05rYWlqTHJKQ25ZSDMvTnpkUkFRSUNwZkNwdHBjaDJYTlRnUlhrZHNjcStKdWUKZFVicU15YnFqV2NPcHNVWnlkVng2UnpDaDMyK01jMEUxdXFQTFd6QndXa0NBd0VBQWFOQ01FQXdEZ1lEVlIwUApBUUgvQkFRREFnS2tNQThHQTFVZEV3RUIvd1FGTUFNQkFmOHdIUVlEVlIwT0JCWUVGTlY0and6R01uM1ZydWkrCnpMMFlhN3ZuWWpVdE1BMEdDU3FHU0liM0RRRUJDd1VBQTRJQ0FRQSs3OVNqOS9Da3dhWWdJbWtMa0NoZVV1L2IKelQ0TE1HQk1xZVFyRExZN3ZySFFnUEY3cmE0MUdxcnZsTWttM2ZSOFVsNDVIV0FvcEprM1lYYkJaVk9wclIySwpEVS9YYjBFM2RIM0prUTBwbzRVUkVtaDZpQnl1QllqL3ppa3hCSFVJVEx2Mm9nV3NDOFZhQTYxTG0vU3djT0ZmClNxS2ZqVEkyM2pUTmErb1MwaGxBbnQ0ZFFBZ2RibWtlY1VUa3FXRkZPTkRNRGJyVzhLdGZZeXVzanBlOUw5WGoKMUZHZldCSnk5VmFFMkVNR0wzRklzZVRLYVJYWHo3bDYrVlJaQm5rM1FmeWwxdFlYM1RCM2VvMStUdThiS2UvUAovb3dwTVFkaytPNFZKdWVuV3Z6YTgrckZ4YWowaXk0WUVabG5WRGdNRTdwWnd3NzJrYS9CUlQwK3dWVDJRQnFyCkNKSy9jZ1RJcDlzZVBjYi9XakFVcUs3Q0RucXVBV0ovaHVBNXdJZWE3a0cwL1E4R1dmaXNNS1p1TDdvNGlITlcKZjBXMC9jM3A1TldjVVZrL2dyTE5FUExHWlV5RkRhOTNjVmdEeWgySGdySTF0cGEveDcwenBCMktMRXBKelV4NAo3NG80YWUxQ2IweXZ3Z0xBQnRIS3p5cWtwamZJOFZKR0s2REh2TnB1M0N1d0NLWnZOWDl2WkR0ZDZHam5VTGIrClk3NVZYWFVPaHlwK0RFa0dCMkovL3VaTmpZMlZkd2pINTZCUVFObnh0WHZkSTQyS3NwQS9tdGRVRkRoV2ltM3MKc2lQMmQvZVNHNTR4Q212QlhTdmw0YWw1YkZ5Um1WOVNOcGZJL2RQeUtoQ0ZWRGs5VzJCM3hYd2s1enNlVVFwOQpRQmZhNFZSMUVTWFd5N04rTnc9PQotLS0tLUVORCBDRVJUSUZJQ0FURS0tLS0tCg==\n    server: https://k8-aa9f9-prod-111013b3.hcp.westeurope.azmk8s.io:443\n  name: k8-AA9F9-cluster\ncontexts:\n- context:\n    cluster: k8-AA9F9-cluster\n    user: clusterUser_RES-GRP-CT360-TUTORING-ADV-AA9F9_k8-AA9F9-cluster\n  name: k8-AA9F9-cluster\ncurrent-context: k8-AA9F9-cluster\nkind: Config\npreferences: {}\nusers:\n- name: clusterUser_RES-GRP-CT360-TUTORING-ADV-AA9F9_k8-AA9F9-cluster\n  user:\n    client-certificate-data: LS0tLS1CRUdJTiBDRVJUSUZJQ0FURS0tLS0tCk1JSUZIVENDQXdXZ0F3SUJBZ0lRYjRSN1BHamVYY1RKMW0vRlJ2TlRkVEFOQmdrcWhraUc5dzBCQVFzRkFEQU4KTVFzd0NRWURWUVFERXdKallUQWVGdzB5TWpFeU1EWXdPVFV6TVRGYUZ3MHlOREV5TURZeE1EQXpNVEZhTURBeApGekFWQmdOVkJBb1REbk41YzNSbGJUcHRZWE4wWlhKek1SVXdFd1lEVlFRREV3eHRZWE4wWlhKamJHbGxiblF3CmdnSWlNQTBHQ1NxR1NJYjNEUUVCQVFVQUE0SUNEd0F3Z2dJS0FvSUNBUURpNGYvWDMrdm4zVEE1L09iSExuQW8KYzVtTWNXVit2OXhNcThpVHEwS0pZRS9vUEd1NnA0cmhqWVNZaUhLL1M2TlcrU0I0OElRcDJDdVF0bUYwNnRrMgowejA0a05hNUZ5dnIvT1dVZFJWTVpPellXMjcvUXU1cWpEYysrRlNXbWNBUG0weDI0cTFnYnQybVIwSFFqcVgwCnZSRTlEaE50eVpEMVkxWi93TFFWY2ZTY21Ibnl1ZjVaRDZMOTdNN2xrdGNLZHFJVXRlOTZaVTRBVVlITC94WHMKazIxbVFoYWlXOStFd0o0TExCKzg3ejhra0xwYVRsYmIrUTd4cUlpNFRMSjlVUTNjZHBqTkRyMlR2Yys2QjlMNQo0eDlzZC91bkFpR20yc3BUaHI3UTJ3b2tzL1JuTEQ5MnlCbEloU0VrTldrRE4rY2dwdnJBYTNSK3FrVDd5Z2MvCjBxamptQUtBeHR5ckFPVFRhNGVTTVU5azRZZ2lOWXgva3NQUkd1ZCtDYVJrdFRUNGdVM1VUeVUwdG9rYVRsRGIKNzJNeHFxQVNqcHI2QmcwU2FsbmNOb051bW5zdisxeWEyZjJiKzVaSnBvMXJrcFpmcmhVZWwyU1FHOGgwL2F3UQpaQWFEbUtBaXBvaTd1UnhidFV2OGFuTlI5anlaTUZGU1B6a0ZEcW1TNE9wS0E0Z1hVNzAxYlhaUFhGTzZjYmdyCnorWlZlbFpJVWVrbmc5QmFISGVBaG1Pc09wak11eW5adzlaZENFQ2s0SUdLWkdEdm00Q1I5LzJ5V0wvc2p2WlUKbDJmNFppYW1JbE1mMlZQcnc3MDlMRWZkMzBlT1NtVHNsYjFMTVdSaG9mZVBmekRRa2xzQWR3TjdMMThPTDZzTgpUQkI3d1YyRVRMMDUzc1NvRHVsNS93SURBUUFCbzFZd1ZEQU9CZ05WSFE4QkFmOEVCQU1DQmFBd0V3WURWUjBsCkJBd3dDZ1lJS3dZQkJRVUhBd0l3REFZRFZSMFRBUUgvQkFJd0FEQWZCZ05WSFNNRUdEQVdnQlRWZUk4TXhqSjkKMWE3b3ZzeTlHR3U3NTJJMUxUQU5CZ2txaGtpRzl3MEJBUXNGQUFPQ0FnRUFmdXdUdTNUSUp5S015MWo0M09taApTWmkyMm1Ndks5UWcxZXVSZUEyZk9EdXdMQ2FLYTlUbGJtNXpWZkZwaHIwdE9zSlZ6Ym96a1dTa002eUdMVXhWCkVLSU1IMHh4a3lNY25ORFBqWlN6R2xHc0grNDUvZ3QwcEpTWXhaSUVDTVFUUEREOTJpSGhxSk1iYUhRbmRzWFoKaVdzS2VCNTlFTGtPeTQ0TmJ4OExHMlFIUTVDZkE4WDUyM3B5a1A4dDdCWVlZREpaSXg0RWVGNlAzb0VPVmI1WgprWWVoL1BNMlVrbFI4bDJPQXRsR1VLRnV4clFyQmJ3QmxDclJNenVVVUNuRFkxNStVQnZJcWwzblhmdTJ4MCs5CkZBRlN5Q1dtQXgzVys1S0h1eHR0bjZpWE1TN2RSdDZVSmdycC9sc3A0SWdNOWhhck1iT1o0VWNGR3cyTkp2MTEKOCtLTFNObm1uakhkYitUakJLQmt4MWdlVDR4am5XWTF1VnhmY2lndFJQWkdKWGRxd1daMDM4NHJxd2lpT2dqUQpqdE51Z1JISXJjTGZPR2NKZDRTdHlNK2NXZVlicEVlQlhPdjBxamNPaDdwZFI4M21XN2FqY3M2c2R0QTRQMnZlCnpQVkU5eERiVFVVVU1rT09JdVNyYmsvY21SQVlUYnVRaXV0MUVWWFhIaUt0Z1ErRExxZjI0YlFRSytqaGltZnQKVE9McTdkcWVXT25kaklqU1BHVlFlYm0wa2dJK3FoTnRwejlsdmJVMDlsanQ3U01WR3lUWFRIYTlUU2RrS25kVAp0TTVsZVFJczFNTXA3N2hWU2JUSXRBUVNNS0tTOWdqemE5SnJHcUI2STU2UnZYUysxVVJoWDlYaXVxTjVoNE10CjZoSkJCLzJ5U0tjNGZGdVVpNUJvZWlFPQotLS0tLUVORCBDRVJUSUZJQ0FURS0tLS0tCg==\n    client-key-data: LS0tLS1CRUdJTiBSU0EgUFJJVkFURSBLRVktLS0tLQpNSUlKS0FJQkFBS0NBZ0VBNHVILzE5L3I1OTB3T2Z6bXh5NXdLSE9aakhGbGZyL2NUS3ZJazZ0Q2lXQlA2RHhyCnVxZUs0WTJFbUloeXYwdWpWdmtnZVBDRUtkZ3JrTFpoZE9yWk50TTlPSkRXdVJjcjYvemxsSFVWVEdUczJGdHUKLzBMdWFvdzNQdmhVbHBuQUQ1dE1kdUt0WUc3ZHBrZEIwSTZsOUwwUlBRNFRiY21ROVdOV2Y4QzBGWEgwbkpoNQo4cm4rV1EraS9lek81WkxYQ25haUZMWHZlbVZPQUZHQnkvOFY3Sk50WmtJV29sdmZoTUNlQ3l3ZnZPOC9KSkM2CldrNVcyL2tPOGFpSXVFeXlmVkVOM0hhWXpRNjlrNzNQdWdmUytlTWZiSGY3cHdJaHB0cktVNGErME5zS0pMUDAKWnl3L2RzZ1pTSVVoSkRWcEF6Zm5JS2I2d0d0MGZxcEUrOG9IUDlLbzQ1Z0NnTWJjcXdEazAydUhrakZQWk9HSQpJaldNZjVMRDBScm5mZ21rWkxVMCtJRk4xRThsTkxhSkdrNVEyKzlqTWFxZ0VvNmErZ1lORW1wWjNEYURicHA3CkwvdGNtdG45bS91V1NhYU5hNUtXWDY0VkhwZGtrQnZJZFAyc0VHUUdnNWlnSXFhSXU3a2NXN1ZML0dwelVmWTgKbVRCUlVqODVCUTZwa3VEcVNnT0lGMU85TlcxMlQxeFR1bkc0SzgvbVZYcFdTRkhwSjRQUVdoeDNnSVpqckRxWQp6THNwMmNQV1hRaEFwT0NCaW1SZzc1dUFrZmY5c2xpLzdJNzJWSmRuK0dZbXBpSlRIOWxUNjhPOVBTeEgzZDlICmprcGs3Slc5U3pGa1lhSDNqMzh3MEpKYkFIY0RleTlmRGkrckRVd1FlOEZkaEV5OU9kN0VxQTdwZWY4Q0F3RUEKQVFLQ0FnQkwrWllzK2dVTFhkeGFici94RHpIcnVkby9WM0cvWWd3cGVKVHdMamRYdlhMRXVBYnpPRXVmZ0Q1WQp2Y2gvR3BzVjh0TFc3T08xQjNoL096T2piVWxUdktVUm5oN3BXRU1UQVZyM3ZjVm1FWjNtVGFmN3ZyUUw1ZXhTCkgrSmpsQlRtcFFDVUJ4QTc3S1E0bkVBRDBPRHQ5YW9pSWVhTHF5WHBwbHcrNTQ3bVo0U2NNOHNTWndvdlZMY20KQlBpN2s5S0M1SHNlS0ZhTFRBVTB3aGFPODFxcUlDeFFRKzFFYlRPS1J0NGxxNTd0SzhpZk8vL0xZZFJnVVNTWgo4Ky9rbDNwbDBKQ3R0T0V5T2E5dUcrL0Z3Zno2UlA0dTJuYmcxQ3ZrcmZ0MndQYUJCZmg5bGUxUDUxZFJOV3lTCkJsSzB4MVhsQ0FGVHc5YlFQS3VFQnd5V3JHNkVaUm5KcWY5eFVqM2RIR0tqcGdjeCtLNW1DSHUvZGVsVjBOMzUKV0Y5a0RkOWZBbUhnMUhJNU5VbTdqckRReG5XRkppbmNYNlJ6REFRWWtpZFl2WHViSjJ6VVJLUTlhTTB6WEJITApVV3J5Q0loT0RxU21Md1ZpbE5VaGVxL2lRSjgrYnJWaklKSzQ3L0ZyU2QrelR2cVpZMWVrOFU5Nlh6ODk1SHNFCjJHZmMvM20yamJ0c2tuTGdNTFQrbmgyTE10aVdkNUUzV0FkVzFqR0ZzMG1JN3Z0V256U2h0aThCMXVsNTdEam8KazE0R21CVlM3UEdoeHcxL2ROUDNrNnNHRG11em1nVlhyOERmSmZWV2FHOVpyNGpuNUZzTzViNmFtVjVDOGthSwp5Nmxab3ZUZUx0eXZtMkFWcW43OVIwWlJ4OCt3Z05ISFVVc0crTEx1RWJmMTRqUnk0UUtDQVFFQTR2ZkRENTFQCkd3Q205M0NPcVpDSmc4NlEvN1kvKzdTQyt1RkRzNVFvTjkrYW9uRng3QkxSMlQ5eUxQM3ZsTzM3M240dzNMZDIKbFFPb0N5WDh4bExxcmp1L2ljYXhFSlEzRTJrS3cvSEVuUWwwTnF5WnJSbnFwdDVYa2I2MlUzV2RjTFhWZ1JnbwpybmZmVURTWVlpMlVaS1ZhQUFNZDdOTStNRGlOY3BHV2F2eDBUOVdLUTMzQ3o1eU9NN05KOUxJZUswbHFaNmhaCmFwd01XcmdwTHRhcVVFSkJpSlhlTmNTdzZRZVZHMTdZREZSK3ZnSFJodXp3dDYxcG5Cd3hRaWFjRnllZUNFTVMKZWUvbzdHMXV5dHNHd3VnUVZEczg3eHlUcEhkWmN5MXBIa3lDVjZhYzhraXRWMUp6N21rL0h0bElucHllQ0VLNApQaUR6NzJDVnM2OTZ4d0tDQVFFQS8rZDBKbVY3WDl3ZDNENWFRcGpCNVYvT3NVdklseHVUclF3M25YMDdIWHN5ClBwMGlQS0pka2VIc2hyMWJIbmk5Y3E2ZFdyZ0hONjZrdEpCUFUzenFjNG96aEFybzByanhnNUFxUDNwOFJXeEgKaUgwUndwb1ZzNHNGOEVjTGlBUk04a3B0OVU3TTQwQllzbWdXWlJWOWNMYkFmc3NjYXpSamtna25ZblhaaFNIRQpXZFNoOGY3SytON1ROQUtHMVg1VDBWMFRweExUU1VodysyeGMrQitqei9ReFMwZjNBNTVPN3NxMlZNOWtxTHlKCldVaGl1NGpZY2praTFIUFdvRDRHVDB0R1hEUGtOT0FHbHBzRHBWcjVxejgrTWI4cFdKRDRVNk53UEdHeU42MHYKT0NuN3VkVGNnZUU3RVF1S1E1ZDJoQ0hFS2dxSWN5L3JkQzlUeFkrUENRS0NBUUFNTmhSU2xMNGF6OUFyNCt4cApCeE8rK2JBbmNlRERaQlRmOXBxejRMYkJPdENSQ05WK1JBenlTVTJWU2h4SHdQNGFIR1A0bkE1UE9pRWlhR3JQCktNcmprT2RmUEVkdWd1cnJxbTBmMmJRZ1ZzL2YyUzF6ZUw5OU50MHpSRFYvREFicWQzNERNZytPUTNqS1Vlb1kKN2liYnUyRzZPbkN6dXpIUFdsdVIzRzloVmkvVDA4TmFtanVPKy9kU3BNVEgyNFZ3QXNVc3lvdjFCbXhMdlRqSwpBbGFyZHNVYjJpUllkRHFvYnZZQXdQdVN2a0VMYkFHZjVzT1V2a20rVW0zOEJ5UEN3eWpuZk9SVGx5cksvYUJHClhiNWhZaWJ1d1Rrb0REdU5UN2FLVWRrai9pM05GWFBBUFZUR0svTjgwa0RKSWh1Y0hRVUxvTHRVN0dUemJoamYKMEFNbEFvSUJBUUN6OXdqWEM5MUUzOTdjQ2JtZVJpRnQ5dis3N2NqR2crMUo4R0tZVGY2cHovN1l5OWJNLzM2QQpYbnJoa3Y4bW9kRFJldjFNVkVrM0hvblVOZnlqZ1NDOFduKzZKNVh1dzRPTmUzQktyaEFCSHBINzZjRDRzelg1Cnl4WkZFU0dKNlVSWHpJSWgxdVgrRnoySlVld1Y4SlFFRlhHd2VaU2x5L1VPT1lQS0dZajh1RytHb1NPMnRQSDMKTFhVb2lYSmJaL2o0THRYb1ZEUGt3SjQ4SXN3Szd1MWNES1l5QkEweUxUM2pid25sQU9rUVJXN3VMQnJMT2dURgo1MnFZTUZMSzVITzVoZjJZVUNINEVXaHd0OWxMaTN3enMwbEE0T2ZwMGlIaFovcEJiSTlSMm1odnZnNjZkSGtTCm1kdlpNOTFyaFhRaW5rQi9OR01iWnFMV1ZZWTdWS2RKQW9JQkFDSjFWYVpieTIzdXoyRWJMNXhveVppNm8rUFMKNlNzN096MmN2YUc3S0lOcWVHQmZSbkJVWHZzdTZMVnFHSUlTNFRtVEkyd3dlM0hOcEdWdWxST21sMlZ6c1U3TgowNVJIOUFHN0gzaFREb1h5dUJQS29Kd05XV2d4ZTVGaHREYXFmcU5GTzBPaUVSdlRtZy9uNzBMYUs5Uzl3RjdHCldkc1F6QXNsc3kvdlA3NXIzUnhFaUpVZGppRWJCZjI3L2xRUkliS2FrWG1SS21jbThGQkNpdUl1STBZZVFlOVIKMDduWEE5a28zS0wrZXp1YjBtaW5YejA4RllPeFdwTjBjMDF4Ty96bmIxNEVYWFg1S25mQ2laL2JkdElvVGxwRgpLMnlMVDVWTEFDYWltdEVyNXVQOFY4Y0I5NUw0bG5QejRUdTJJM0pjOVNDMlU4OFFmM1hHTHYwWHhWST0KLS0tLS1FTkQgUlNBIFBSSVZBVEUgS0VZLS0tLS0K\n    token: 469b8b65a436c30359e7652e38a6ce3c3da671c315dcc5ab99310c270065b9034ec00b006dea5752a01e5bcaedd475f1a71d02c895f8b91e5eb6b1141e48cd8e\n",
            "kubelet_identity": [
              {
                "client_id": "f7660249-a248-4355-bfdd-63d8fc7a8c4b",
                "object_id": "a709f95e-af51-49d3-afd3-3d8be67ffe5f",
                "user_assigned_identity_id": "/subscriptions/891195e4-c78e-4b5d-86b4-88b6d1875195/resourceGroups/MC_RES-GRP-CT360-TUTORING-ADV-AA9F9_k8-AA9F9-cluster_westeurope/providers/Microsoft.ManagedIdentity/userAssignedIdentities/k8-AA9F9-cluster-agentpool"
              }
            ],
            "kubernetes_version": "1.23.12",
            "linux_profile": [
              {
                "admin_username": "adminuser",
                "ssh_key": [
                  {
                    "key_data": "ssh-rsa AAAAB3NzaC1yc2EAAAADAQABAAABgQDEbQZ9WtIimngSU1404Rac20PqFzWpy1dbwZ68Cig6S1qBtbL+MhRigSA5/6OzZuVMund+IQPTT7Jp8bgdJM6RrCmUvyVXrj1mrceCqfV+aPNsKYBgDs5a1aaEu31Rsh4oyzSZMRlw7tCtsSwmGaalxLys2slZFasAyZeHiYDTg9tg/CJk8XkToYa71n22NOy4q9I+5Rnq+ff19aGayEC0XLHx6wURBzphY1lbN1Z6gTSL5yr1YEJJCTxSDkOU2/iwUyJde0dK3PXzt4bwu7WMn9DqcfxK2pOQ5/9aXDd6PsVTbuJeFL+Q5y3KdoPq6bmizaRWGHV/g3jHa0/E6VcZI6kCls5Mrpe5vKG49RI8B9dtuASwlZtnQMSvGt8iBZastQz73+WYzsvU1y39gARNFnTdzEUwK04vboamJ1EAEhpwpaCuKgmE8v5IzHK1qDrPOCLS0HTFd46P7r/Ga/vqbz/r8B5CuJISQjdxTYaSlSEkuiVCnZdJIAsOFUr1qBk= imported-openssh-key"
                  }
                ]
              }
            ],
            "local_account_disabled": false,
            "location": "westeurope",
            "maintenance_window": [],
            "microsoft_defender": [],
            "name": "k8-AA9F9-cluster",
            "network_profile": [
              {
                "dns_service_ip": "10.0.0.10",
                "docker_bridge_cidr": "172.17.0.1/16",
                "ip_versions": [
                  "IPv4"
                ],
                "load_balancer_profile": [
                  {
                    "effective_outbound_ips": [
                      "/subscriptions/891195e4-c78e-4b5d-86b4-88b6d1875195/resourceGroups/MC_RES-GRP-CT360-TUTORING-ADV-AA9F9_k8-AA9F9-cluster_westeurope/providers/Microsoft.Network/publicIPAddresses/28dd1e8a-44d3-443f-b05a-31cccec5de5e"
                    ],
                    "idle_timeout_in_minutes": 0,
                    "managed_outbound_ip_count": 1,
                    "managed_outbound_ipv6_count": 0,
                    "outbound_ip_address_ids": [],
                    "outbound_ip_prefix_ids": [],
                    "outbound_ports_allocated": 0
                  }
                ],
                "load_balancer_sku": "standard",
                "nat_gateway_profile": [],
                "network_mode": "",
                "network_plugin": "kubenet",
                "network_policy": "",
                "outbound_type": "loadBalancer",
                "pod_cidr": "10.244.0.0/16",
                "pod_cidrs": [
                  "10.244.0.0/16"
                ],
                "service_cidr": "10.0.0.0/16",
                "service_cidrs": [
                  "10.0.0.0/16"
                ]
              }
            ],
            "node_resource_group": "MC_RES-GRP-CT360-TUTORING-ADV-AA9F9_k8-AA9F9-cluster_westeurope",
            "oidc_issuer_enabled": false,
            "oidc_issuer_url": "",
            "oms_agent": [],
            "open_service_mesh_enabled": null,
            "portal_fqdn": "k8-aa9f9-prod-111013b3.portal.hcp.westeurope.azmk8s.io",
            "private_cluster_enabled": false,
            "private_cluster_public_fqdn_enabled": false,
            "private_dns_zone_id": null,
            "private_fqdn": "",
            "public_network_access_enabled": true,
            "resource_group_name": "RES-GRP-CT360-TUTORING-ADV-AA9F9",
            "role_based_access_control_enabled": true,
            "run_command_enabled": true,
            "service_principal": [],
            "sku_tier": "Free",
            "tags": null,
            "timeouts": null,
            "web_app_routing": [],
            "windows_profile": [],
            "workload_autoscaler_profile": [],
            "workload_identity_enabled": false
          },
          "sensitive_attributes": [],
          "private": "eyJlMmJmYjczMC1lY2FhLTExZTYtOGY4OC0zNDM2M2JjN2M0YzAiOnsiY3JlYXRlIjo1NDAwMDAwMDAwMDAwLCJkZWxldGUiOjU0MDAwMDAwMDAwMDAsInJlYWQiOjMwMDAwMDAwMDAwMCwidXBkYXRlIjo1NDAwMDAwMDAwMDAwfSwic2NoZW1hX3ZlcnNpb24iOiIyIn0=",
          "dependencies": [
            "module.import-rg.data.azurerm_resource_group.rg"
          ]
        }
      ]
    },
    {
      "module": "module.import-rg",
      "mode": "data",
      "type": "azurerm_resource_group",
      "name": "rg",
      "provider": "provider[\"registry.terraform.io/hashicorp/azurerm\"]",
      "instances": [
        {
          "schema_version": 0,
          "attributes": {
            "id": "/subscriptions/891195e4-c78e-4b5d-86b4-88b6d1875195/resourceGroups/RES-GRP-CT360-TUTORING-ADV-AA9F9",
            "location": "westeurope",
            "name": "RES-GRP-CT360-TUTORING-ADV-AA9F9",
            "tags": {},
            "timeouts": null
          },
          "sensitive_attributes": []
        }
      ]
    }
  ],
  "check_results": []
}
