{
  "version": 4,
  "terraform_version": "1.3.3",
  "serial": 39,
  "lineage": "bd65c6d5-a943-dd69-1f15-66ec63cf182e",
  "outputs": {},
  "resources": [
    {
      "module": "module.create-master-jenkins-vm",
      "mode": "managed",
      "type": "azurerm_linux_virtual_machine",
      "name": "vm",
      "provider": "provider[\"registry.terraform.io/hashicorp/azurerm\"]",
      "instances": [
        {
          "schema_version": 0,
          "attributes": {
            "additional_capabilities": [],
            "admin_password": null,
            "admin_ssh_key": [
              {
                "public_key": "ssh-rsa AAAAB3NzaC1yc2EAAAADAQABAAABgQDEbQZ9WtIimngSU1404Rac20PqFzWpy1dbwZ68Cig6S1qBtbL+MhRigSA5/6OzZuVMund+IQPTT7Jp8bgdJM6RrCmUvyVXrj1mrceCqfV+aPNsKYBgDs5a1aaEu31Rsh4oyzSZMRlw7tCtsSwmGaalxLys2slZFasAyZeHiYDTg9tg/CJk8XkToYa71n22NOy4q9I+5Rnq+ff19aGayEC0XLHx6wURBzphY1lbN1Z6gTSL5yr1YEJJCTxSDkOU2/iwUyJde0dK3PXzt4bwu7WMn9DqcfxK2pOQ5/9aXDd6PsVTbuJeFL+Q5y3KdoPq6bmizaRWGHV/g3jHa0/E6VcZI6kCls5Mrpe5vKG49RI8B9dtuASwlZtnQMSvGt8iBZastQz73+WYzsvU1y39gARNFnTdzEUwK04vboamJ1EAEhpwpaCuKgmE8v5IzHK1qDrPOCLS0HTFd46P7r/Ga/vqbz/r8B5CuJISQjdxTYaSlSEkuiVCnZdJIAsOFUr1qBk= imported-openssh-key",
                "username": "adminuser"
              }
            ],
            "admin_username": "adminuser",
            "allow_extension_operations": true,
            "availability_set_id": "",
            "boot_diagnostics": [],
            "capacity_reservation_group_id": "",
            "computer_name": "AA9F9-VM-JENKINS-MASTER",
            "custom_data": null,
            "dedicated_host_group_id": "",
            "dedicated_host_id": "",
            "disable_password_authentication": true,
            "edge_zone": "",
            "encryption_at_host_enabled": false,
            "eviction_policy": "",
            "extensions_time_budget": "PT1H30M",
            "gallery_application": [],
            "id": "/subscriptions/891195e4-c78e-4b5d-86b4-88b6d1875195/resourceGroups/RES-GRP-CT360-TUTORING-ADV-AA9F9/providers/Microsoft.Compute/virtualMachines/AA9F9-VM-JENKINS-MASTER",
            "identity": [],
            "license_type": "",
            "location": "westeurope",
            "max_bid_price": -1,
            "name": "AA9F9-VM-JENKINS-MASTER",
            "network_interface_ids": [
              "/subscriptions/891195e4-c78e-4b5d-86b4-88b6d1875195/resourceGroups/RES-GRP-CT360-TUTORING-ADV-AA9F9/providers/Microsoft.Network/networkInterfaces/AA9F9-JENKINS-MASTER-NIC"
            ],
            "os_disk": [
              {
                "caching": "ReadWrite",
                "diff_disk_settings": [],
                "disk_encryption_set_id": "",
                "disk_size_gb": 30,
                "name": "AA9F9-VM-JENKINS-MASTER_disk1_81efedf08d8a424895deb91a5b2d7c5f",
                "secure_vm_disk_encryption_set_id": "",
                "security_encryption_type": "",
                "storage_account_type": "Premium_LRS",
                "write_accelerator_enabled": false
              }
            ],
            "patch_assessment_mode": "ImageDefault",
            "patch_mode": "ImageDefault",
            "plan": [],
            "platform_fault_domain": -1,
            "priority": "Regular",
            "private_ip_address": "10.0.2.4",
            "private_ip_addresses": [
              "10.0.2.4"
            ],
            "provision_vm_agent": true,
            "proximity_placement_group_id": "",
            "public_ip_address": "40.68.90.5",
            "public_ip_addresses": [
              "40.68.90.5"
            ],
            "resource_group_name": "RES-GRP-CT360-TUTORING-ADV-AA9F9",
            "secret": [],
            "secure_boot_enabled": false,
            "size": "Standard_B2s",
            "source_image_id": "",
            "source_image_reference": [
              {
                "offer": "0001-com-ubuntu-server-focal",
                "publisher": "canonical",
                "sku": "20_04-lts-gen2",
                "version": "latest"
              }
            ],
            "tags": {
              "GROUP": "Pipeline",
              "OWNER": "Nejla",
              "ROLE": "Master"
            },
            "termination_notification": [],
            "timeouts": null,
            "user_data": "",
            "virtual_machine_id": "65e5a0b5-98be-451c-b868-1b5ee13f0382",
            "virtual_machine_scale_set_id": "",
            "vtpm_enabled": false,
            "zone": ""
          },
          "sensitive_attributes": [],
          "private": "eyJlMmJmYjczMC1lY2FhLTExZTYtOGY4OC0zNDM2M2JjN2M0YzAiOnsiY3JlYXRlIjoyNzAwMDAwMDAwMDAwLCJkZWxldGUiOjI3MDAwMDAwMDAwMDAsInJlYWQiOjMwMDAwMDAwMDAwMCwidXBkYXRlIjoyNzAwMDAwMDAwMDAwfX0=",
          "dependencies": [
            "module.create-master-jenkins-vm.azurerm_network_interface.network-interface",
            "module.create-master-jenkins-vm.azurerm_public_ip.public-ip",
            "module.create-network.azurerm_subnet.internal",
            "module.create-network.azurerm_virtual_network.vnet",
            "module.import-rg.data.azurerm_resource_group.rg"
          ]
        }
      ]
    },
    {
      "module": "module.create-master-jenkins-vm",
      "mode": "managed",
      "type": "azurerm_network_interface",
      "name": "network-interface",
      "provider": "provider[\"registry.terraform.io/hashicorp/azurerm\"]",
      "instances": [
        {
          "schema_version": 0,
          "attributes": {
            "applied_dns_servers": [],
            "dns_servers": [],
            "edge_zone": "",
            "enable_accelerated_networking": false,
            "enable_ip_forwarding": false,
            "id": "/subscriptions/891195e4-c78e-4b5d-86b4-88b6d1875195/resourceGroups/RES-GRP-CT360-TUTORING-ADV-AA9F9/providers/Microsoft.Network/networkInterfaces/AA9F9-JENKINS-MASTER-NIC",
            "internal_dns_name_label": "",
            "internal_domain_name_suffix": "mc43x51pkhnuvbq5qmjtslb1ag.ax.internal.cloudapp.net",
            "ip_configuration": [
              {
                "gateway_load_balancer_frontend_ip_configuration_id": "",
                "name": "JENKINS-MASTER-NIC-CONFIG",
                "primary": true,
                "private_ip_address": "10.0.2.4",
                "private_ip_address_allocation": "Dynamic",
                "private_ip_address_version": "IPv4",
                "public_ip_address_id": "/subscriptions/891195e4-c78e-4b5d-86b4-88b6d1875195/resourceGroups/RES-GRP-CT360-TUTORING-ADV-AA9F9/providers/Microsoft.Network/publicIPAddresses/AA9F9-JENKINS-MASTER-PUBLIC-IP",
                "subnet_id": "/subscriptions/891195e4-c78e-4b5d-86b4-88b6d1875195/resourceGroups/RES-GRP-CT360-TUTORING-ADV-AA9F9/providers/Microsoft.Network/virtualNetworks/AA9F9-VNET/subnets/AA9F9-SUBNET"
              }
            ],
            "location": "westeurope",
            "mac_address": "60-45-BD-9E-AC-A1",
            "name": "AA9F9-JENKINS-MASTER-NIC",
            "private_ip_address": "10.0.2.4",
            "private_ip_addresses": [
              "10.0.2.4"
            ],
            "resource_group_name": "RES-GRP-CT360-TUTORING-ADV-AA9F9",
            "tags": {
              "GROUP": "Pipeline",
              "OWNER": "Nejla",
              "ROLE": "Master"
            },
            "timeouts": null,
            "virtual_machine_id": "/subscriptions/891195e4-c78e-4b5d-86b4-88b6d1875195/resourceGroups/RES-GRP-CT360-TUTORING-ADV-AA9F9/providers/Microsoft.Compute/virtualMachines/AA9F9-VM-JENKINS-MASTER"
          },
          "sensitive_attributes": [],
          "private": "eyJlMmJmYjczMC1lY2FhLTExZTYtOGY4OC0zNDM2M2JjN2M0YzAiOnsiY3JlYXRlIjoxODAwMDAwMDAwMDAwLCJkZWxldGUiOjE4MDAwMDAwMDAwMDAsInJlYWQiOjMwMDAwMDAwMDAwMCwidXBkYXRlIjoxODAwMDAwMDAwMDAwfX0=",
          "dependencies": [
            "module.create-master-jenkins-vm.azurerm_public_ip.public-ip",
            "module.create-network.azurerm_subnet.internal",
            "module.create-network.azurerm_virtual_network.vnet",
            "module.import-rg.data.azurerm_resource_group.rg"
          ]
        }
      ]
    },
    {
      "module": "module.create-master-jenkins-vm",
      "mode": "managed",
      "type": "azurerm_network_interface_security_group_association",
      "name": "NSG-A",
      "provider": "provider[\"registry.terraform.io/hashicorp/azurerm\"]",
      "instances": [
        {
          "schema_version": 0,
          "attributes": {
            "id": "/subscriptions/891195e4-c78e-4b5d-86b4-88b6d1875195/resourceGroups/RES-GRP-CT360-TUTORING-ADV-AA9F9/providers/Microsoft.Network/networkInterfaces/AA9F9-JENKINS-MASTER-NIC|/subscriptions/891195e4-c78e-4b5d-86b4-88b6d1875195/resourceGroups/RES-GRP-CT360-TUTORING-ADV-AA9F9/providers/Microsoft.Network/networkSecurityGroups/AA9F9-NSG",
            "network_interface_id": "/subscriptions/891195e4-c78e-4b5d-86b4-88b6d1875195/resourceGroups/RES-GRP-CT360-TUTORING-ADV-AA9F9/providers/Microsoft.Network/networkInterfaces/AA9F9-JENKINS-MASTER-NIC",
            "network_security_group_id": "/subscriptions/891195e4-c78e-4b5d-86b4-88b6d1875195/resourceGroups/RES-GRP-CT360-TUTORING-ADV-AA9F9/providers/Microsoft.Network/networkSecurityGroups/AA9F9-NSG",
            "timeouts": null
          },
          "sensitive_attributes": [],
          "private": "eyJlMmJmYjczMC1lY2FhLTExZTYtOGY4OC0zNDM2M2JjN2M0YzAiOnsiY3JlYXRlIjoxODAwMDAwMDAwMDAwLCJkZWxldGUiOjE4MDAwMDAwMDAwMDAsInJlYWQiOjMwMDAwMDAwMDAwMCwidXBkYXRlIjoxODAwMDAwMDAwMDAwfX0=",
          "dependencies": [
            "module.create-master-jenkins-vm.azurerm_network_interface.network-interface",
            "module.create-master-jenkins-vm.azurerm_public_ip.public-ip",
            "module.create-network.azurerm_network_security_group.nsg-rule",
            "module.create-network.azurerm_subnet.internal",
            "module.create-network.azurerm_virtual_network.vnet",
            "module.import-rg.data.azurerm_resource_group.rg"
          ]
        }
      ]
    },
    {
      "module": "module.create-master-jenkins-vm",
      "mode": "managed",
      "type": "azurerm_public_ip",
      "name": "public-ip",
      "provider": "provider[\"registry.terraform.io/hashicorp/azurerm\"]",
      "instances": [
        {
          "schema_version": 0,
          "attributes": {
            "allocation_method": "Static",
            "ddos_protection_mode": "VirtualNetworkInherited",
            "ddos_protection_plan_id": null,
            "domain_name_label": "jenkinsmasteraa9f9",
            "edge_zone": "",
            "fqdn": "jenkinsmasteraa9f9.westeurope.cloudapp.azure.com",
            "id": "/subscriptions/891195e4-c78e-4b5d-86b4-88b6d1875195/resourceGroups/RES-GRP-CT360-TUTORING-ADV-AA9F9/providers/Microsoft.Network/publicIPAddresses/AA9F9-JENKINS-MASTER-PUBLIC-IP",
            "idle_timeout_in_minutes": 4,
            "ip_address": "40.68.90.5",
            "ip_tags": {},
            "ip_version": "IPv4",
            "location": "westeurope",
            "name": "AA9F9-JENKINS-MASTER-PUBLIC-IP",
            "public_ip_prefix_id": null,
            "resource_group_name": "RES-GRP-CT360-TUTORING-ADV-AA9F9",
            "reverse_fqdn": "",
            "sku": "Basic",
            "sku_tier": "Regional",
            "tags": {
              "GROUP": "Pipeline",
              "OWNER": "Nejla",
              "ROLE": "Master"
            },
            "timeouts": null,
            "zones": []
          },
          "sensitive_attributes": [],
          "private": "eyJlMmJmYjczMC1lY2FhLTExZTYtOGY4OC0zNDM2M2JjN2M0YzAiOnsiY3JlYXRlIjoxODAwMDAwMDAwMDAwLCJkZWxldGUiOjE4MDAwMDAwMDAwMDAsInJlYWQiOjMwMDAwMDAwMDAwMCwidXBkYXRlIjoxODAwMDAwMDAwMDAwfX0=",
          "dependencies": [
            "module.import-rg.data.azurerm_resource_group.rg"
          ]
        }
      ]
    },
    {
      "module": "module.create-network",
      "mode": "managed",
      "type": "azurerm_network_security_group",
      "name": "nsg-rule",
      "provider": "provider[\"registry.terraform.io/hashicorp/azurerm\"]",
      "instances": [
        {
          "schema_version": 0,
          "attributes": {
            "id": "/subscriptions/891195e4-c78e-4b5d-86b4-88b6d1875195/resourceGroups/RES-GRP-CT360-TUTORING-ADV-AA9F9/providers/Microsoft.Network/networkSecurityGroups/AA9F9-NSG",
            "location": "westeurope",
            "name": "AA9F9-NSG",
            "resource_group_name": "RES-GRP-CT360-TUTORING-ADV-AA9F9",
            "security_rule": [
              {
                "access": "Allow",
                "description": "Allow HTTP connection",
                "destination_address_prefix": "*",
                "destination_address_prefixes": [],
                "destination_application_security_group_ids": [],
                "destination_port_range": "80",
                "destination_port_ranges": [],
                "direction": "Inbound",
                "name": "Allow_HTTP_Inbound",
                "priority": 1011,
                "protocol": "Tcp",
                "source_address_prefix": "*",
                "source_address_prefixes": [],
                "source_application_security_group_ids": [],
                "source_port_range": "*",
                "source_port_ranges": []
              },
              {
                "access": "Allow",
                "description": "Open HTTPS connection",
                "destination_address_prefix": "*",
                "destination_address_prefixes": [],
                "destination_application_security_group_ids": [],
                "destination_port_range": "443",
                "destination_port_ranges": [],
                "direction": "Inbound",
                "name": "Allow_HTTPS_Inbound",
                "priority": 1021,
                "protocol": "Tcp",
                "source_address_prefix": "*",
                "source_address_prefixes": [],
                "source_application_security_group_ids": [],
                "source_port_range": "*",
                "source_port_ranges": []
              },
              {
                "access": "Allow",
                "description": "Open connection for SSH",
                "destination_address_prefix": "*",
                "destination_address_prefixes": [],
                "destination_application_security_group_ids": [],
                "destination_port_range": "22",
                "destination_port_ranges": [],
                "direction": "Inbound",
                "name": "Allow_SSH_Inbound",
                "priority": 1001,
                "protocol": "Tcp",
                "source_address_prefix": "*",
                "source_address_prefixes": [],
                "source_application_security_group_ids": [],
                "source_port_range": "*",
                "source_port_ranges": []
              }
            ],
            "tags": {
              "GROUP": "Network",
              "OWNER": "Nejla"
            },
            "timeouts": null
          },
          "sensitive_attributes": [],
          "private": "eyJlMmJmYjczMC1lY2FhLTExZTYtOGY4OC0zNDM2M2JjN2M0YzAiOnsiY3JlYXRlIjoxODAwMDAwMDAwMDAwLCJkZWxldGUiOjE4MDAwMDAwMDAwMDAsInJlYWQiOjMwMDAwMDAwMDAwMCwidXBkYXRlIjoxODAwMDAwMDAwMDAwfX0=",
          "dependencies": [
            "module.import-rg.data.azurerm_resource_group.rg"
          ]
        }
      ]
    },
    {
      "module": "module.create-network",
      "mode": "managed",
      "type": "azurerm_subnet",
      "name": "internal",
      "provider": "provider[\"registry.terraform.io/hashicorp/azurerm\"]",
      "instances": [
        {
          "schema_version": 0,
          "attributes": {
            "address_prefixes": [
              "10.0.2.0/24"
            ],
            "delegation": [],
            "enforce_private_link_endpoint_network_policies": false,
            "enforce_private_link_service_network_policies": false,
            "id": "/subscriptions/891195e4-c78e-4b5d-86b4-88b6d1875195/resourceGroups/RES-GRP-CT360-TUTORING-ADV-AA9F9/providers/Microsoft.Network/virtualNetworks/AA9F9-VNET/subnets/AA9F9-SUBNET",
            "name": "AA9F9-SUBNET",
            "private_endpoint_network_policies_enabled": true,
            "private_link_service_network_policies_enabled": true,
            "resource_group_name": "RES-GRP-CT360-TUTORING-ADV-AA9F9",
            "service_endpoint_policy_ids": [],
            "service_endpoints": [],
            "timeouts": null,
            "virtual_network_name": "AA9F9-VNET"
          },
          "sensitive_attributes": [],
          "private": "eyJlMmJmYjczMC1lY2FhLTExZTYtOGY4OC0zNDM2M2JjN2M0YzAiOnsiY3JlYXRlIjoxODAwMDAwMDAwMDAwLCJkZWxldGUiOjE4MDAwMDAwMDAwMDAsInJlYWQiOjMwMDAwMDAwMDAwMCwidXBkYXRlIjoxODAwMDAwMDAwMDAwfX0=",
          "dependencies": [
            "module.create-network.azurerm_virtual_network.vnet",
            "module.import-rg.data.azurerm_resource_group.rg"
          ]
        }
      ]
    },
    {
      "module": "module.create-network",
      "mode": "managed",
      "type": "azurerm_virtual_network",
      "name": "vnet",
      "provider": "provider[\"registry.terraform.io/hashicorp/azurerm\"]",
      "instances": [
        {
          "schema_version": 0,
          "attributes": {
            "address_space": [
              "10.0.0.0/16"
            ],
            "bgp_community": "",
            "ddos_protection_plan": [],
            "dns_servers": [],
            "edge_zone": "",
            "flow_timeout_in_minutes": 0,
            "guid": "ffdbbd60-516f-4adb-861f-8313392c3b06",
            "id": "/subscriptions/891195e4-c78e-4b5d-86b4-88b6d1875195/resourceGroups/RES-GRP-CT360-TUTORING-ADV-AA9F9/providers/Microsoft.Network/virtualNetworks/AA9F9-VNET",
            "location": "westeurope",
            "name": "AA9F9-VNET",
            "resource_group_name": "RES-GRP-CT360-TUTORING-ADV-AA9F9",
            "subnet": [
              {
                "address_prefix": "10.0.2.0/24",
                "id": "/subscriptions/891195e4-c78e-4b5d-86b4-88b6d1875195/resourceGroups/RES-GRP-CT360-TUTORING-ADV-AA9F9/providers/Microsoft.Network/virtualNetworks/AA9F9-VNET/subnets/AA9F9-SUBNET",
                "name": "AA9F9-SUBNET",
                "security_group": ""
              }
            ],
            "tags": {
              "GROUP": "Network",
              "OWNER": "Nejla"
            },
            "timeouts": null
          },
          "sensitive_attributes": [],
          "private": "eyJlMmJmYjczMC1lY2FhLTExZTYtOGY4OC0zNDM2M2JjN2M0YzAiOnsiY3JlYXRlIjoxODAwMDAwMDAwMDAwLCJkZWxldGUiOjE4MDAwMDAwMDAwMDAsInJlYWQiOjMwMDAwMDAwMDAwMCwidXBkYXRlIjoxODAwMDAwMDAwMDAwfX0=",
          "dependencies": [
            "module.import-rg.data.azurerm_resource_group.rg"
          ]
        }
      ]
    },
    {
      "module": "module.create-worker-jenkins-vm",
      "mode": "managed",
      "type": "azurerm_linux_virtual_machine",
      "name": "vm",
      "provider": "provider[\"registry.terraform.io/hashicorp/azurerm\"]",
      "instances": [
        {
          "schema_version": 0,
          "attributes": {
            "additional_capabilities": [],
            "admin_password": null,
            "admin_ssh_key": [
              {
                "public_key": "ssh-rsa AAAAB3NzaC1yc2EAAAADAQABAAABgQDEbQZ9WtIimngSU1404Rac20PqFzWpy1dbwZ68Cig6S1qBtbL+MhRigSA5/6OzZuVMund+IQPTT7Jp8bgdJM6RrCmUvyVXrj1mrceCqfV+aPNsKYBgDs5a1aaEu31Rsh4oyzSZMRlw7tCtsSwmGaalxLys2slZFasAyZeHiYDTg9tg/CJk8XkToYa71n22NOy4q9I+5Rnq+ff19aGayEC0XLHx6wURBzphY1lbN1Z6gTSL5yr1YEJJCTxSDkOU2/iwUyJde0dK3PXzt4bwu7WMn9DqcfxK2pOQ5/9aXDd6PsVTbuJeFL+Q5y3KdoPq6bmizaRWGHV/g3jHa0/E6VcZI6kCls5Mrpe5vKG49RI8B9dtuASwlZtnQMSvGt8iBZastQz73+WYzsvU1y39gARNFnTdzEUwK04vboamJ1EAEhpwpaCuKgmE8v5IzHK1qDrPOCLS0HTFd46P7r/Ga/vqbz/r8B5CuJISQjdxTYaSlSEkuiVCnZdJIAsOFUr1qBk= imported-openssh-key",
                "username": "adminuser"
              }
            ],
            "admin_username": "adminuser",
            "allow_extension_operations": true,
            "availability_set_id": "",
            "boot_diagnostics": [],
            "capacity_reservation_group_id": "",
            "computer_name": "AA9F9-VM-JENKINS-WORKER",
            "custom_data": null,
            "dedicated_host_group_id": "",
            "dedicated_host_id": "",
            "disable_password_authentication": true,
            "edge_zone": "",
            "encryption_at_host_enabled": false,
            "eviction_policy": "",
            "extensions_time_budget": "PT1H30M",
            "gallery_application": [],
            "id": "/subscriptions/891195e4-c78e-4b5d-86b4-88b6d1875195/resourceGroups/RES-GRP-CT360-TUTORING-ADV-AA9F9/providers/Microsoft.Compute/virtualMachines/AA9F9-VM-JENKINS-WORKER",
            "identity": [],
            "license_type": "",
            "location": "westeurope",
            "max_bid_price": -1,
            "name": "AA9F9-VM-JENKINS-WORKER",
            "network_interface_ids": [
              "/subscriptions/891195e4-c78e-4b5d-86b4-88b6d1875195/resourceGroups/RES-GRP-CT360-TUTORING-ADV-AA9F9/providers/Microsoft.Network/networkInterfaces/AA9F9-JENKINS-WORKER-NIC"
            ],
            "os_disk": [
              {
                "caching": "ReadWrite",
                "diff_disk_settings": [],
                "disk_encryption_set_id": "",
                "disk_size_gb": 30,
                "name": "AA9F9-VM-JENKINS-WORKER_disk1_50eb82610ecf48d5902de1cc922a233c",
                "secure_vm_disk_encryption_set_id": "",
                "security_encryption_type": "",
                "storage_account_type": "Premium_LRS",
                "write_accelerator_enabled": false
              }
            ],
            "patch_assessment_mode": "ImageDefault",
            "patch_mode": "ImageDefault",
            "plan": [],
            "platform_fault_domain": -1,
            "priority": "Regular",
            "private_ip_address": "10.0.2.5",
            "private_ip_addresses": [
              "10.0.2.5"
            ],
            "provision_vm_agent": true,
            "proximity_placement_group_id": "",
            "public_ip_address": "40.68.95.36",
            "public_ip_addresses": [
              "40.68.95.36"
            ],
            "resource_group_name": "RES-GRP-CT360-TUTORING-ADV-AA9F9",
            "secret": [],
            "secure_boot_enabled": false,
            "size": "Standard_B2s",
            "source_image_id": "",
            "source_image_reference": [
              {
                "offer": "0001-com-ubuntu-server-focal",
                "publisher": "canonical",
                "sku": "20_04-lts-gen2",
                "version": "latest"
              }
            ],
            "tags": {
              "GROUP": "Pipeline",
              "OWNER": "Nejla",
              "ROLE": "Worker"
            },
            "termination_notification": [],
            "timeouts": null,
            "user_data": "",
            "virtual_machine_id": "82756298-2ddb-4071-a581-3633f36671b5",
            "virtual_machine_scale_set_id": "",
            "vtpm_enabled": false,
            "zone": ""
          },
          "sensitive_attributes": [],
          "private": "eyJlMmJmYjczMC1lY2FhLTExZTYtOGY4OC0zNDM2M2JjN2M0YzAiOnsiY3JlYXRlIjoyNzAwMDAwMDAwMDAwLCJkZWxldGUiOjI3MDAwMDAwMDAwMDAsInJlYWQiOjMwMDAwMDAwMDAwMCwidXBkYXRlIjoyNzAwMDAwMDAwMDAwfX0=",
          "dependencies": [
            "module.create-network.azurerm_subnet.internal",
            "module.create-network.azurerm_virtual_network.vnet",
            "module.create-worker-jenkins-vm.azurerm_network_interface.network-interface",
            "module.create-worker-jenkins-vm.azurerm_public_ip.public-ip",
            "module.import-rg.data.azurerm_resource_group.rg"
          ]
        }
      ]
    },
    {
      "module": "module.create-worker-jenkins-vm",
      "mode": "managed",
      "type": "azurerm_network_interface",
      "name": "network-interface",
      "provider": "provider[\"registry.terraform.io/hashicorp/azurerm\"]",
      "instances": [
        {
          "schema_version": 0,
          "attributes": {
            "applied_dns_servers": [],
            "dns_servers": [],
            "edge_zone": "",
            "enable_accelerated_networking": false,
            "enable_ip_forwarding": false,
            "id": "/subscriptions/891195e4-c78e-4b5d-86b4-88b6d1875195/resourceGroups/RES-GRP-CT360-TUTORING-ADV-AA9F9/providers/Microsoft.Network/networkInterfaces/AA9F9-JENKINS-WORKER-NIC",
            "internal_dns_name_label": "",
            "internal_domain_name_suffix": "mc43x51pkhnuvbq5qmjtslb1ag.ax.internal.cloudapp.net",
            "ip_configuration": [
              {
                "gateway_load_balancer_frontend_ip_configuration_id": "",
                "name": "JENKINS-WORKER-NIC-CONFIG",
                "primary": true,
                "private_ip_address": "10.0.2.5",
                "private_ip_address_allocation": "Dynamic",
                "private_ip_address_version": "IPv4",
                "public_ip_address_id": "/subscriptions/891195e4-c78e-4b5d-86b4-88b6d1875195/resourceGroups/RES-GRP-CT360-TUTORING-ADV-AA9F9/providers/Microsoft.Network/publicIPAddresses/AA9F9-JENKINS-WORKER-PUBLIC-IP",
                "subnet_id": "/subscriptions/891195e4-c78e-4b5d-86b4-88b6d1875195/resourceGroups/RES-GRP-CT360-TUTORING-ADV-AA9F9/providers/Microsoft.Network/virtualNetworks/AA9F9-VNET/subnets/AA9F9-SUBNET"
              }
            ],
            "location": "westeurope",
            "mac_address": "60-45-BD-92-43-08",
            "name": "AA9F9-JENKINS-WORKER-NIC",
            "private_ip_address": "10.0.2.5",
            "private_ip_addresses": [
              "10.0.2.5"
            ],
            "resource_group_name": "RES-GRP-CT360-TUTORING-ADV-AA9F9",
            "tags": {
              "GROUP": "Pipeline",
              "OWNER": "Nejla",
              "ROLE": "Worker"
            },
            "timeouts": null,
            "virtual_machine_id": "/subscriptions/891195e4-c78e-4b5d-86b4-88b6d1875195/resourceGroups/RES-GRP-CT360-TUTORING-ADV-AA9F9/providers/Microsoft.Compute/virtualMachines/AA9F9-VM-JENKINS-WORKER"
          },
          "sensitive_attributes": [],
          "private": "eyJlMmJmYjczMC1lY2FhLTExZTYtOGY4OC0zNDM2M2JjN2M0YzAiOnsiY3JlYXRlIjoxODAwMDAwMDAwMDAwLCJkZWxldGUiOjE4MDAwMDAwMDAwMDAsInJlYWQiOjMwMDAwMDAwMDAwMCwidXBkYXRlIjoxODAwMDAwMDAwMDAwfX0=",
          "dependencies": [
            "module.create-network.azurerm_subnet.internal",
            "module.create-network.azurerm_virtual_network.vnet",
            "module.create-worker-jenkins-vm.azurerm_public_ip.public-ip",
            "module.import-rg.data.azurerm_resource_group.rg"
          ]
        }
      ]
    },
    {
      "module": "module.create-worker-jenkins-vm",
      "mode": "managed",
      "type": "azurerm_network_interface_security_group_association",
      "name": "NSG-A",
      "provider": "provider[\"registry.terraform.io/hashicorp/azurerm\"]",
      "instances": [
        {
          "schema_version": 0,
          "attributes": {
            "id": "/subscriptions/891195e4-c78e-4b5d-86b4-88b6d1875195/resourceGroups/RES-GRP-CT360-TUTORING-ADV-AA9F9/providers/Microsoft.Network/networkInterfaces/AA9F9-JENKINS-WORKER-NIC|/subscriptions/891195e4-c78e-4b5d-86b4-88b6d1875195/resourceGroups/RES-GRP-CT360-TUTORING-ADV-AA9F9/providers/Microsoft.Network/networkSecurityGroups/AA9F9-NSG",
            "network_interface_id": "/subscriptions/891195e4-c78e-4b5d-86b4-88b6d1875195/resourceGroups/RES-GRP-CT360-TUTORING-ADV-AA9F9/providers/Microsoft.Network/networkInterfaces/AA9F9-JENKINS-WORKER-NIC",
            "network_security_group_id": "/subscriptions/891195e4-c78e-4b5d-86b4-88b6d1875195/resourceGroups/RES-GRP-CT360-TUTORING-ADV-AA9F9/providers/Microsoft.Network/networkSecurityGroups/AA9F9-NSG",
            "timeouts": null
          },
          "sensitive_attributes": [],
          "private": "eyJlMmJmYjczMC1lY2FhLTExZTYtOGY4OC0zNDM2M2JjN2M0YzAiOnsiY3JlYXRlIjoxODAwMDAwMDAwMDAwLCJkZWxldGUiOjE4MDAwMDAwMDAwMDAsInJlYWQiOjMwMDAwMDAwMDAwMCwidXBkYXRlIjoxODAwMDAwMDAwMDAwfX0=",
          "dependencies": [
            "module.create-network.azurerm_network_security_group.nsg-rule",
            "module.create-network.azurerm_subnet.internal",
            "module.create-network.azurerm_virtual_network.vnet",
            "module.create-worker-jenkins-vm.azurerm_network_interface.network-interface",
            "module.create-worker-jenkins-vm.azurerm_public_ip.public-ip",
            "module.import-rg.data.azurerm_resource_group.rg"
          ]
        }
      ]
    },
    {
      "module": "module.create-worker-jenkins-vm",
      "mode": "managed",
      "type": "azurerm_public_ip",
      "name": "public-ip",
      "provider": "provider[\"registry.terraform.io/hashicorp/azurerm\"]",
      "instances": [
        {
          "schema_version": 0,
          "attributes": {
            "allocation_method": "Static",
            "ddos_protection_mode": "VirtualNetworkInherited",
            "ddos_protection_plan_id": null,
            "domain_name_label": null,
            "edge_zone": "",
            "fqdn": null,
            "id": "/subscriptions/891195e4-c78e-4b5d-86b4-88b6d1875195/resourceGroups/RES-GRP-CT360-TUTORING-ADV-AA9F9/providers/Microsoft.Network/publicIPAddresses/AA9F9-JENKINS-WORKER-PUBLIC-IP",
            "idle_timeout_in_minutes": 4,
            "ip_address": "40.68.95.36",
            "ip_tags": {},
            "ip_version": "IPv4",
            "location": "westeurope",
            "name": "AA9F9-JENKINS-WORKER-PUBLIC-IP",
            "public_ip_prefix_id": null,
            "resource_group_name": "RES-GRP-CT360-TUTORING-ADV-AA9F9",
            "reverse_fqdn": null,
            "sku": "Basic",
            "sku_tier": "Regional",
            "tags": {
              "GROUP": "Pipeline",
              "OWNER": "Nejla",
              "ROLE": "Worker"
            },
            "timeouts": null,
            "zones": []
          },
          "sensitive_attributes": [],
          "private": "eyJlMmJmYjczMC1lY2FhLTExZTYtOGY4OC0zNDM2M2JjN2M0YzAiOnsiY3JlYXRlIjoxODAwMDAwMDAwMDAwLCJkZWxldGUiOjE4MDAwMDAwMDAwMDAsInJlYWQiOjMwMDAwMDAwMDAwMCwidXBkYXRlIjoxODAwMDAwMDAwMDAwfX0=",
          "dependencies": [
            "module.import-rg.data.azurerm_resource_group.rg"
          ]
        }
      ]
    },
    {
      "module": "module.import-rg",
      "mode": "data",
      "type": "azurerm_resource_group",
      "name": "rg",
      "provider": "provider[\"registry.terraform.io/hashicorp/azurerm\"]",
      "instances": [
        {
          "schema_version": 0,
          "attributes": {
            "id": "/subscriptions/891195e4-c78e-4b5d-86b4-88b6d1875195/resourceGroups/RES-GRP-CT360-TUTORING-ADV-AA9F9",
            "location": "westeurope",
            "name": "RES-GRP-CT360-TUTORING-ADV-AA9F9",
            "tags": {},
            "timeouts": null
          },
          "sensitive_attributes": []
        }
      ]
    }
  ],
  "check_results": []
}
